{
  "originHash" : "1b56e576f4b36390d2856d6fe64fa5b43600360619ec233a19cb521c2ddc9af8",
  "pins" : [
    {
      "identity" : "networkclient",
      "kind" : "remoteSourceControl",
      "location" : "https://github.com/stevencurtis/NetworkClient",
      "state" : {
        "branch" : "main",
        "revision" : "eab2762de9121974e5daf383f0205d419252f3da"
      }
    }
  ],
  "version" : 3
}
