// !$*UTF8*$!
{
	archiveVersion = 1;
	classes = {
	};
	objectVersion = 60;
	objects = {

/* Begin PBXBuildFile section */
		CA2AC3562C8870A200A0F8BB /* TypicodeAlertsApp.swift in Sources */ = {isa = PBXBuildFile; fileRef = CA2AC3552C8870A200A0F8BB /* TypicodeAlertsApp.swift */; };
		CA2AC3582C8870A200A0F8BB /* ContentView.swift in Sources */ = {isa = PBXBuildFile; fileRef = CA2AC3572C8870A200A0F8BB /* ContentView.swift */; };
		CA2AC35A2C8870A300A0F8BB /* Assets.xcassets in Resources */ = {isa = PBXBuildFile; fileRef = CA2AC3592C8870A300A0F8BB /* Assets.xcassets */; };
		CA2AC35D2C8870A300A0F8BB /* Preview Assets.xcassets in Resources */ = {isa = PBXBuildFile; fileRef = CA2AC35C2C8870A300A0F8BB /* Preview Assets.xcassets */; };
		CA2AC3712C8870A300A0F8BB /* TypicodeAlertsUITests.swift in Sources */ = {isa = PBXBuildFile; fileRef = CA2AC3702C8870A300A0F8BB /* TypicodeAlertsUITests.swift */; };
		CA2AC3732C8870A300A0F8BB /* TypicodeAlertsUITestsLaunchTests.swift in Sources */ = {isa = PBXBuildFile; fileRef = CA2AC3722C8870A300A0F8BB /* TypicodeAlertsUITestsLaunchTests.swift */; };
		CA2AC3842C887CF900A0F8BB /* NetworkClient in Frameworks */ = {isa = PBXBuildFile; productRef = CA2AC3832C887CF900A0F8BB /* NetworkClient */; };
		CA2AC3872C88818A00A0F8BB /* NetworkClient in Frameworks */ = {isa = PBXBuildFile; productRef = CA2AC3862C88818A00A0F8BB /* NetworkClient */; };
		CA2AC3892C88818A00A0F8BB /* NetworkClientTestUtilities in Frameworks */ = {isa = PBXBuildFile; productRef = CA2AC3882C88818A00A0F8BB /* NetworkClientTestUtilities */; };
		CA2AC38D2C88855500A0F8BB /* PostsServiceTests.swift in Sources */ = {isa = PBXBuildFile; fileRef = CA2AC38C2C88855500A0F8BB /* PostsServiceTests.swift */; };
		CA2AC3902C8885E200A0F8BB /* NetworkClient in Frameworks */ = {isa = PBXBuildFile; productRef = CA2AC38F2C8885E200A0F8BB /* NetworkClient */; };
		CA2AC3922C8885E200A0F8BB /* NetworkClientTestUtilities in Frameworks */ = {isa = PBXBuildFile; productRef = CA2AC3912C8885E200A0F8BB /* NetworkClientTestUtilities */; };
		CA2AC3952C8886CB00A0F8BB /* NetworkClient in Frameworks */ = {isa = PBXBuildFile; productRef = CA2AC3942C8886CB00A0F8BB /* NetworkClient */; };
		CA2AC3972C8886CB00A0F8BB /* NetworkClientTestUtilities in Frameworks */ = {isa = PBXBuildFile; productRef = CA2AC3962C8886CB00A0F8BB /* NetworkClientTestUtilities */; };
		CA2AC39A2C88870600A0F8BB /* NetworkClient in Frameworks */ = {isa = PBXBuildFile; productRef = CA2AC3992C88870600A0F8BB /* NetworkClient */; };
		CA2AC39C2C88870600A0F8BB /* NetworkClientTestUtilities in Frameworks */ = {isa = PBXBuildFile; productRef = CA2AC39B2C88870600A0F8BB /* NetworkClientTestUtilities */; };
		CA2AC39E2C88885000A0F8BB /* PostDTO+Equatable.swift in Sources */ = {isa = PBXBuildFile; fileRef = CA2AC39D2C88885000A0F8BB /* PostDTO+Equatable.swift */; };
		CA2AC3A02C888A7500A0F8BB /* Post+Equatable.swift in Sources */ = {isa = PBXBuildFile; fileRef = CA2AC39F2C888A7500A0F8BB /* Post+Equatable.swift */; };
		CA2AC3A22C88A03300A0F8BB /* SimpleBooleanAlertView.swift in Sources */ = {isa = PBXBuildFile; fileRef = CA2AC3A12C88A03300A0F8BB /* SimpleBooleanAlertView.swift */; };
		CA2AC3A42C88A1E200A0F8BB /* SimpleBooleanAPIView.swift in Sources */ = {isa = PBXBuildFile; fileRef = CA2AC3A32C88A1E200A0F8BB /* SimpleBooleanAPIView.swift */; };
		CA2AC3A62C88AEB600A0F8BB /* OldView.swift in Sources */ = {isa = PBXBuildFile; fileRef = CA2AC3A52C88AEB600A0F8BB /* OldView.swift */; };
		CA4DDE942C89EA820043AAC9 /* Post.swift in Sources */ = {isa = PBXBuildFile; fileRef = CA4DDE932C89EA820043AAC9 /* Post.swift */; };
		CA4DDE962C89EA970043AAC9 /* PostDTO.swift in Sources */ = {isa = PBXBuildFile; fileRef = CA4DDE952C89EA970043AAC9 /* PostDTO.swift */; };
		CA4DDE982C89EAB40043AAC9 /* API.swift in Sources */ = {isa = PBXBuildFile; fileRef = CA4DDE972C89EAB40043AAC9 /* API.swift */; };
		CA4DDE9A2C89EAEC0043AAC9 /* APIError+Equatable.swift in Sources */ = {isa = PBXBuildFile; fileRef = CA4DDE992C89EAEC0043AAC9 /* APIError+Equatable.swift */; };
		CA4DDE9C2C89EB070043AAC9 /* APIError+Identifiable.swift in Sources */ = {isa = PBXBuildFile; fileRef = CA4DDE9B2C89EB070043AAC9 /* APIError+Identifiable.swift */; };
		CA4DDE9E2C89EB240043AAC9 /* PostsService.swift in Sources */ = {isa = PBXBuildFile; fileRef = CA4DDE9D2C89EB240043AAC9 /* PostsService.swift */; };
		CA4DDEA02C89EB4D0043AAC9 /* PostRequest.swift in Sources */ = {isa = PBXBuildFile; fileRef = CA4DDE9F2C89EB4D0043AAC9 /* PostRequest.swift */; };
		CA4DDEA32C89FDB40043AAC9 /* SimpleBooleanAPIViewModel.swift in Sources */ = {isa = PBXBuildFile; fileRef = CA4DDEA22C89FDB40043AAC9 /* SimpleBooleanAPIViewModel.swift */; };
		CA4DDEA52C89FE000043AAC9 /* OldViewModel.swift in Sources */ = {isa = PBXBuildFile; fileRef = CA4DDEA42C89FE000043AAC9 /* OldViewModel.swift */; };
		CA4DDEA92C8A05640043AAC9 /* ViewModel.swift in Sources */ = {isa = PBXBuildFile; fileRef = CA4DDEA82C8A05640043AAC9 /* ViewModel.swift */; };
		CA503C5D2C8B4F2E007FAE6B /* NetworkClient in Frameworks */ = {isa = PBXBuildFile; productRef = CA503C5C2C8B4F2E007FAE6B /* NetworkClient */; };
		CA503C5F2C8B4F2E007FAE6B /* NetworkClientTestUtilities in Frameworks */ = {isa = PBXBuildFile; productRef = CA503C5E2C8B4F2E007FAE6B /* NetworkClientTestUtilities */; };
/* End PBXBuildFile section */

/* Begin PBXContainerItemProxy section */
		CA2AC3632C8870A300A0F8BB /* PBXContainerItemProxy */ = {
			isa = PBXContainerItemProxy;
			containerPortal = CA2AC34A2C8870A200A0F8BB /* Project object */;
			proxyType = 1;
			remoteGlobalIDString = CA2AC3512C8870A200A0F8BB;
			remoteInfo = TypicodeAlerts;
		};
		CA2AC36D2C8870A300A0F8BB /* PBXContainerItemProxy */ = {
			isa = PBXContainerItemProxy;
			containerPortal = CA2AC34A2C8870A200A0F8BB /* Project object */;
			proxyType = 1;
			remoteGlobalIDString = CA2AC3512C8870A200A0F8BB;
			remoteInfo = TypicodeAlerts;
		};
/* End PBXContainerItemProxy section */

/* Begin PBXFileReference section */
		CA2AC3522C8870A200A0F8BB /* TypicodeAlerts.app */ = {isa = PBXFileReference; explicitFileType = wrapper.application; includeInIndex = 0; path = TypicodeAlerts.app; sourceTree = BUILT_PRODUCTS_DIR; };
		CA2AC3552C8870A200A0F8BB /* TypicodeAlertsApp.swift */ = {isa = PBXFileReference; lastKnownFileType = sourcecode.swift; path = TypicodeAlertsApp.swift; sourceTree = "<group>"; };
		CA2AC3572C8870A200A0F8BB /* ContentView.swift */ = {isa = PBXFileReference; lastKnownFileType = sourcecode.swift; path = ContentView.swift; sourceTree = "<group>"; };
		CA2AC3592C8870A300A0F8BB /* Assets.xcassets */ = {isa = PBXFileReference; lastKnownFileType = folder.assetcatalog; path = Assets.xcassets; sourceTree = "<group>"; };
		CA2AC35C2C8870A300A0F8BB /* Preview Assets.xcassets */ = {isa = PBXFileReference; lastKnownFileType = folder.assetcatalog; path = "Preview Assets.xcassets"; sourceTree = "<group>"; };
		CA2AC3622C8870A300A0F8BB /* TypicodeAlertsTests.xctest */ = {isa = PBXFileReference; explicitFileType = wrapper.cfbundle; includeInIndex = 0; path = TypicodeAlertsTests.xctest; sourceTree = BUILT_PRODUCTS_DIR; };
		CA2AC36C2C8870A300A0F8BB /* TypicodeAlertsUITests.xctest */ = {isa = PBXFileReference; explicitFileType = wrapper.cfbundle; includeInIndex = 0; path = TypicodeAlertsUITests.xctest; sourceTree = BUILT_PRODUCTS_DIR; };
		CA2AC3702C8870A300A0F8BB /* TypicodeAlertsUITests.swift */ = {isa = PBXFileReference; lastKnownFileType = sourcecode.swift; path = TypicodeAlertsUITests.swift; sourceTree = "<group>"; };
		CA2AC3722C8870A300A0F8BB /* TypicodeAlertsUITestsLaunchTests.swift */ = {isa = PBXFileReference; lastKnownFileType = sourcecode.swift; path = TypicodeAlertsUITestsLaunchTests.swift; sourceTree = "<group>"; };
		CA2AC38C2C88855500A0F8BB /* PostsServiceTests.swift */ = {isa = PBXFileReference; lastKnownFileType = sourcecode.swift; path = PostsServiceTests.swift; sourceTree = "<group>"; };
		CA2AC39D2C88885000A0F8BB /* PostDTO+Equatable.swift */ = {isa = PBXFileReference; lastKnownFileType = sourcecode.swift; path = "PostDTO+Equatable.swift"; sourceTree = "<group>"; };
		CA2AC39F2C888A7500A0F8BB /* Post+Equatable.swift */ = {isa = PBXFileReference; lastKnownFileType = sourcecode.swift; path = "Post+Equatable.swift"; sourceTree = "<group>"; };
		CA2AC3A12C88A03300A0F8BB /* SimpleBooleanAlertView.swift */ = {isa = PBXFileReference; lastKnownFileType = sourcecode.swift; path = SimpleBooleanAlertView.swift; sourceTree = "<group>"; };
		CA2AC3A32C88A1E200A0F8BB /* SimpleBooleanAPIView.swift */ = {isa = PBXFileReference; lastKnownFileType = sourcecode.swift; path = SimpleBooleanAPIView.swift; sourceTree = "<group>"; };
		CA2AC3A52C88AEB600A0F8BB /* OldView.swift */ = {isa = PBXFileReference; lastKnownFileType = sourcecode.swift; path = OldView.swift; sourceTree = "<group>"; };
		CA4DDE932C89EA820043AAC9 /* Post.swift */ = {isa = PBXFileReference; lastKnownFileType = sourcecode.swift; path = Post.swift; sourceTree = "<group>"; };
		CA4DDE952C89EA970043AAC9 /* PostDTO.swift */ = {isa = PBXFileReference; lastKnownFileType = sourcecode.swift; path = PostDTO.swift; sourceTree = "<group>"; };
		CA4DDE972C89EAB40043AAC9 /* API.swift */ = {isa = PBXFileReference; lastKnownFileType = sourcecode.swift; path = API.swift; sourceTree = "<group>"; };
		CA4DDE992C89EAEC0043AAC9 /* APIError+Equatable.swift */ = {isa = PBXFileReference; lastKnownFileType = sourcecode.swift; path = "APIError+Equatable.swift"; sourceTree = "<group>"; };
		CA4DDE9B2C89EB070043AAC9 /* APIError+Identifiable.swift */ = {isa = PBXFileReference; lastKnownFileType = sourcecode.swift; path = "APIError+Identifiable.swift"; sourceTree = "<group>"; };
		CA4DDE9D2C89EB240043AAC9 /* PostsService.swift */ = {isa = PBXFileReference; lastKnownFileType = sourcecode.swift; path = PostsService.swift; sourceTree = "<group>"; };
		CA4DDE9F2C89EB4D0043AAC9 /* PostRequest.swift */ = {isa = PBXFileReference; lastKnownFileType = sourcecode.swift; path = PostRequest.swift; sourceTree = "<group>"; };
		CA4DDEA22C89FDB40043AAC9 /* SimpleBooleanAPIViewModel.swift */ = {isa = PBXFileReference; lastKnownFileType = sourcecode.swift; path = SimpleBooleanAPIViewModel.swift; sourceTree = "<group>"; };
		CA4DDEA42C89FE000043AAC9 /* OldViewModel.swift */ = {isa = PBXFileReference; lastKnownFileType = sourcecode.swift; path = OldViewModel.swift; sourceTree = "<group>"; };
		CA4DDEA82C8A05640043AAC9 /* ViewModel.swift */ = {isa = PBXFileReference; lastKnownFileType = sourcecode.swift; path = ViewModel.swift; sourceTree = "<group>"; };
/* End PBXFileReference section */

/* Begin PBXFrameworksBuildPhase section */
		CA2AC34F2C8870A200A0F8BB /* Frameworks */ = {
			isa = PBXFrameworksBuildPhase;
			buildActionMask = 2147483647;
			files = (
				CA2AC3872C88818A00A0F8BB /* NetworkClient in Frameworks */,
				CA2AC3842C887CF900A0F8BB /* NetworkClient in Frameworks */,
				CA503C5D2C8B4F2E007FAE6B /* NetworkClient in Frameworks */,
				CA2AC3952C8886CB00A0F8BB /* NetworkClient in Frameworks */,
				CA2AC39A2C88870600A0F8BB /* NetworkClient in Frameworks */,
				CA2AC3902C8885E200A0F8BB /* NetworkClient in Frameworks */,
			);
			runOnlyForDeploymentPostprocessing = 0;
		};
		CA2AC35F2C8870A300A0F8BB /* Frameworks */ = {
			isa = PBXFrameworksBuildPhase;
			buildActionMask = 2147483647;
			files = (
				CA2AC3892C88818A00A0F8BB /* NetworkClientTestUtilities in Frameworks */,
				CA503C5F2C8B4F2E007FAE6B /* NetworkClientTestUtilities in Frameworks */,
				CA2AC3922C8885E200A0F8BB /* NetworkClientTestUtilities in Frameworks */,
				CA2AC3972C8886CB00A0F8BB /* NetworkClientTestUtilities in Frameworks */,
				CA2AC39C2C88870600A0F8BB /* NetworkClientTestUtilities in Frameworks */,
			);
			runOnlyForDeploymentPostprocessing = 0;
		};
		CA2AC3692C8870A300A0F8BB /* Frameworks */ = {
			isa = PBXFrameworksBuildPhase;
			buildActionMask = 2147483647;
			files = (
			);
			runOnlyForDeploymentPostprocessing = 0;
		};
/* End PBXFrameworksBuildPhase section */

/* Begin PBXGroup section */
		CA2AC3492C8870A200A0F8BB = {
			isa = PBXGroup;
			children = (
				CA2AC3542C8870A200A0F8BB /* TypicodeAlerts */,
				CA2AC3652C8870A300A0F8BB /* TypicodeAlertsTests */,
				CA2AC36F2C8870A300A0F8BB /* TypicodeAlertsUITests */,
				CA2AC3532C8870A200A0F8BB /* Products */,
			);
			sourceTree = "<group>";
		};
		CA2AC3532C8870A200A0F8BB /* Products */ = {
			isa = PBXGroup;
			children = (
				CA2AC3522C8870A200A0F8BB /* TypicodeAlerts.app */,
				CA2AC3622C8870A300A0F8BB /* TypicodeAlertsTests.xctest */,
				CA2AC36C2C8870A300A0F8BB /* TypicodeAlertsUITests.xctest */,
			);
			name = Products;
			sourceTree = "<group>";
		};
		CA2AC3542C8870A200A0F8BB /* TypicodeAlerts */ = {
			isa = PBXGroup;
			children = (
				CA2AC3552C8870A200A0F8BB /* TypicodeAlertsApp.swift */,
				CA2AC3572C8870A200A0F8BB /* ContentView.swift */,
				CA4DDEA82C8A05640043AAC9 /* ViewModel.swift */,
				CA4DDEAA2C8A05F00043AAC9 /* Networking */,
				CA4DDEA12C89EB8C0043AAC9 /* Extension */,
				CA4DDE922C89EA760043AAC9 /* Models */,
				CA4DDEA72C8A051A0043AAC9 /* OldView */,
				CA4DDEA62C8A049E0043AAC9 /* SimpleBooleanAPIView */,
				CA2AC3A12C88A03300A0F8BB /* SimpleBooleanAlertView.swift */,
				CA2AC3592C8870A300A0F8BB /* Assets.xcassets */,
				CA2AC35B2C8870A300A0F8BB /* Preview Content */,
			);
			path = TypicodeAlerts;
			sourceTree = "<group>";
		};
		CA2AC35B2C8870A300A0F8BB /* Preview Content */ = {
			isa = PBXGroup;
			children = (
				CA2AC35C2C8870A300A0F8BB /* Preview Assets.xcassets */,
			);
			path = "Preview Content";
			sourceTree = "<group>";
		};
		CA2AC3652C8870A300A0F8BB /* TypicodeAlertsTests */ = {
			isa = PBXGroup;
			children = (
				CA2AC38C2C88855500A0F8BB /* PostsServiceTests.swift */,
				CA2AC39F2C888A7500A0F8BB /* Post+Equatable.swift */,
				CA2AC39D2C88885000A0F8BB /* PostDTO+Equatable.swift */,
			);
			path = TypicodeAlertsTests;
			sourceTree = "<group>";
		};
		CA2AC36F2C8870A300A0F8BB /* TypicodeAlertsUITests */ = {
			isa = PBXGroup;
			children = (
				CA2AC3702C8870A300A0F8BB /* TypicodeAlertsUITests.swift */,
				CA2AC3722C8870A300A0F8BB /* TypicodeAlertsUITestsLaunchTests.swift */,
			);
			path = TypicodeAlertsUITests;
			sourceTree = "<group>";
		};
		CA4DDE922C89EA760043AAC9 /* Models */ = {
			isa = PBXGroup;
			children = (
				CA4DDE932C89EA820043AAC9 /* Post.swift */,
				CA4DDE952C89EA970043AAC9 /* PostDTO.swift */,
			);
			path = Models;
			sourceTree = "<group>";
		};
		CA4DDEA12C89EB8C0043AAC9 /* Extension */ = {
			isa = PBXGroup;
			children = (
				CA4DDE9B2C89EB070043AAC9 /* APIError+Identifiable.swift */,
				CA4DDE992C89EAEC0043AAC9 /* APIError+Equatable.swift */,
			);
			path = Extension;
			sourceTree = "<group>";
		};
		CA4DDEA62C8A049E0043AAC9 /* SimpleBooleanAPIView */ = {
			isa = PBXGroup;
			children = (
				CA2AC3A32C88A1E200A0F8BB /* SimpleBooleanAPIView.swift */,
				CA4DDEA22C89FDB40043AAC9 /* SimpleBooleanAPIViewModel.swift */,
			);
			path = SimpleBooleanAPIView;
			sourceTree = "<group>";
		};
		CA4DDEA72C8A051A0043AAC9 /* OldView */ = {
			isa = PBXGroup;
			children = (
				CA2AC3A52C88AEB600A0F8BB /* OldView.swift */,
				CA4DDEA42C89FE000043AAC9 /* OldViewModel.swift */,
			);
			path = OldView;
			sourceTree = "<group>";
		};
		CA4DDEAA2C8A05F00043AAC9 /* Networking */ = {
			isa = PBXGroup;
			children = (
				CA4DDE972C89EAB40043AAC9 /* API.swift */,
				CA4DDE9F2C89EB4D0043AAC9 /* PostRequest.swift */,
				CA4DDE9D2C89EB240043AAC9 /* PostsService.swift */,
			);
			path = Networking;
			sourceTree = "<group>";
		};
/* End PBXGroup section */

/* Begin PBXNativeTarget section */
		CA2AC3512C8870A200A0F8BB /* TypicodeAlerts */ = {
			isa = PBXNativeTarget;
			buildConfigurationList = CA2AC3762C8870A300A0F8BB /* Build configuration list for PBXNativeTarget "TypicodeAlerts" */;
			buildPhases = (
				CA2AC34E2C8870A200A0F8BB /* Sources */,
				CA2AC34F2C8870A200A0F8BB /* Frameworks */,
				CA2AC3502C8870A200A0F8BB /* Resources */,
			);
			buildRules = (
			);
			dependencies = (
			);
			name = TypicodeAlerts;
			packageProductDependencies = (
				CA2AC3832C887CF900A0F8BB /* NetworkClient */,
				CA2AC3862C88818A00A0F8BB /* NetworkClient */,
				CA2AC38F2C8885E200A0F8BB /* NetworkClient */,
				CA2AC3942C8886CB00A0F8BB /* NetworkClient */,
				CA2AC3992C88870600A0F8BB /* NetworkClient */,
				CA503C5C2C8B4F2E007FAE6B /* NetworkClient */,
			);
			productName = TypicodeAlerts;
			productReference = CA2AC3522C8870A200A0F8BB /* TypicodeAlerts.app */;
			productType = "com.apple.product-type.application";
		};
		CA2AC3612C8870A300A0F8BB /* TypicodeAlertsTests */ = {
			isa = PBXNativeTarget;
			buildConfigurationList = CA2AC3792C8870A300A0F8BB /* Build configuration list for PBXNativeTarget "TypicodeAlertsTests" */;
			buildPhases = (
				CA2AC35E2C8870A300A0F8BB /* Sources */,
				CA2AC35F2C8870A300A0F8BB /* Frameworks */,
				CA2AC3602C8870A300A0F8BB /* Resources */,
			);
			buildRules = (
			);
			dependencies = (
				CA2AC3642C8870A300A0F8BB /* PBXTargetDependency */,
			);
			name = TypicodeAlertsTests;
			packageProductDependencies = (
				CA2AC3882C88818A00A0F8BB /* NetworkClientTestUtilities */,
				CA2AC3912C8885E200A0F8BB /* NetworkClientTestUtilities */,
				CA2AC3962C8886CB00A0F8BB /* NetworkClientTestUtilities */,
				CA2AC39B2C88870600A0F8BB /* NetworkClientTestUtilities */,
				CA503C5E2C8B4F2E007FAE6B /* NetworkClientTestUtilities */,
			);
			productName = TypicodeAlertsTests;
			productReference = CA2AC3622C8870A300A0F8BB /* TypicodeAlertsTests.xctest */;
			productType = "com.apple.product-type.bundle.unit-test";
		};
		CA2AC36B2C8870A300A0F8BB /* TypicodeAlertsUITests */ = {
			isa = PBXNativeTarget;
			buildConfigurationList = CA2AC37C2C8870A300A0F8BB /* Build configuration list for PBXNativeTarget "TypicodeAlertsUITests" */;
			buildPhases = (
				CA2AC3682C8870A300A0F8BB /* Sources */,
				CA2AC3692C8870A300A0F8BB /* Frameworks */,
				CA2AC36A2C8870A300A0F8BB /* Resources */,
			);
			buildRules = (
			);
			dependencies = (
				CA2AC36E2C8870A300A0F8BB /* PBXTargetDependency */,
			);
			name = TypicodeAlertsUITests;
			productName = TypicodeAlertsUITests;
			productReference = CA2AC36C2C8870A300A0F8BB /* TypicodeAlertsUITests.xctest */;
			productType = "com.apple.product-type.bundle.ui-testing";
		};
/* End PBXNativeTarget section */

/* Begin PBXProject section */
		CA2AC34A2C8870A200A0F8BB /* Project object */ = {
			isa = PBXProject;
			attributes = {
				BuildIndependentTargetsInParallel = 1;
				LastSwiftUpdateCheck = 1540;
				LastUpgradeCheck = 1540;
				TargetAttributes = {
					CA2AC3512C8870A200A0F8BB = {
						CreatedOnToolsVersion = 15.4;
					};
					CA2AC3612C8870A300A0F8BB = {
						CreatedOnToolsVersion = 15.4;
						TestTargetID = CA2AC3512C8870A200A0F8BB;
					};
					CA2AC36B2C8870A300A0F8BB = {
						CreatedOnToolsVersion = 15.4;
						TestTargetID = CA2AC3512C8870A200A0F8BB;
					};
				};
			};
			buildConfigurationList = CA2AC34D2C8870A200A0F8BB /* Build configuration list for PBXProject "TypicodeAlerts" */;
			compatibilityVersion = "Xcode 14.0";
			developmentRegion = en;
			hasScannedForEncodings = 0;
			knownRegions = (
				en,
				Base,
			);
			mainGroup = CA2AC3492C8870A200A0F8BB;
			packageReferences = (
				CA503C5B2C8B4F2E007FAE6B /* XCLocalSwiftPackageReference "../../../NetworkClient" */,
			);
			productRefGroup = CA2AC3532C8870A200A0F8BB /* Products */;
			projectDirPath = "";
			projectRoot = "";
			targets = (
				CA2AC3512C8870A200A0F8BB /* TypicodeAlerts */,
				CA2AC3612C8870A300A0F8BB /* TypicodeAlertsTests */,
				CA2AC36B2C8870A300A0F8BB /* TypicodeAlertsUITests */,
			);
		};
/* End PBXProject section */

/* Begin PBXResourcesBuildPhase section */
		CA2AC3502C8870A200A0F8BB /* Resources */ = {
			isa = PBXResourcesBuildPhase;
			buildActionMask = 2147483647;
			files = (
				CA2AC35D2C8870A300A0F8BB /* Preview Assets.xcassets in Resources */,
				CA2AC35A2C8870A300A0F8BB /* Assets.xcassets in Resources */,
			);
			runOnlyForDeploymentPostprocessing = 0;
		};
		CA2AC3602C8870A300A0F8BB /* Resources */ = {
			isa = PBXResourcesBuildPhase;
			buildActionMask = 2147483647;
			files = (
			);
			runOnlyForDeploymentPostprocessing = 0;
		};
		CA2AC36A2C8870A300A0F8BB /* Resources */ = {
			isa = PBXResourcesBuildPhase;
			buildActionMask = 2147483647;
			files = (
			);
			runOnlyForDeploymentPostprocessing = 0;
		};
/* End PBXResourcesBuildPhase section */

/* Begin PBXSourcesBuildPhase section */
		CA2AC34E2C8870A200A0F8BB /* Sources */ = {
			isa = PBXSourcesBuildPhase;
			buildActionMask = 2147483647;
			files = (
				CA2AC3582C8870A200A0F8BB /* ContentView.swift in Sources */,
				CA4DDE9C2C89EB070043AAC9 /* APIError+Identifiable.swift in Sources */,
				CA2AC3A42C88A1E200A0F8BB /* SimpleBooleanAPIView.swift in Sources */,
				CA4DDE962C89EA970043AAC9 /* PostDTO.swift in Sources */,
				CA4DDE9E2C89EB240043AAC9 /* PostsService.swift in Sources */,
				CA4DDE9A2C89EAEC0043AAC9 /* APIError+Equatable.swift in Sources */,
				CA2AC3A22C88A03300A0F8BB /* SimpleBooleanAlertView.swift in Sources */,
				CA4DDEA02C89EB4D0043AAC9 /* PostRequest.swift in Sources */,
				CA4DDE942C89EA820043AAC9 /* Post.swift in Sources */,
				CA2AC3562C8870A200A0F8BB /* TypicodeAlertsApp.swift in Sources */,
				CA4DDEA92C8A05640043AAC9 /* ViewModel.swift in Sources */,
				CA4DDEA52C89FE000043AAC9 /* OldViewModel.swift in Sources */,
				CA4DDEA32C89FDB40043AAC9 /* SimpleBooleanAPIViewModel.swift in Sources */,
				CA4DDE982C89EAB40043AAC9 /* API.swift in Sources */,
				CA2AC3A62C88AEB600A0F8BB /* OldView.swift in Sources */,
			);
			runOnlyForDeploymentPostprocessing = 0;
		};
		CA2AC35E2C8870A300A0F8BB /* Sources */ = {
			isa = PBXSourcesBuildPhase;
			buildActionMask = 2147483647;
			files = (
				CA2AC38D2C88855500A0F8BB /* PostsServiceTests.swift in Sources */,
				CA2AC39E2C88885000A0F8BB /* PostDTO+Equatable.swift in Sources */,
				CA2AC3A02C888A7500A0F8BB /* Post+Equatable.swift in Sources */,
			);
			runOnlyForDeploymentPostprocessing = 0;
		};
		CA2AC3682C8870A300A0F8BB /* Sources */ = {
			isa = PBXSourcesBuildPhase;
			buildActionMask = 2147483647;
			files = (
				CA2AC3732C8870A300A0F8BB /* TypicodeAlertsUITestsLaunchTests.swift in Sources */,
				CA2AC3712C8870A300A0F8BB /* TypicodeAlertsUITests.swift in Sources */,
			);
			runOnlyForDeploymentPostprocessing = 0;
		};
/* End PBXSourcesBuildPhase section */

/* Begin PBXTargetDependency section */
		CA2AC3642C8870A300A0F8BB /* PBXTargetDependency */ = {
			isa = PBXTargetDependency;
			target = CA2AC3512C8870A200A0F8BB /* TypicodeAlerts */;
			targetProxy = CA2AC3632C8870A300A0F8BB /* PBXContainerItemProxy */;
		};
		CA2AC36E2C8870A300A0F8BB /* PBXTargetDependency */ = {
			isa = PBXTargetDependency;
			target = CA2AC3512C8870A200A0F8BB /* TypicodeAlerts */;
			targetProxy = CA2AC36D2C8870A300A0F8BB /* PBXContainerItemProxy */;
		};
/* End PBXTargetDependency section */

/* Begin XCBuildConfiguration section */
		CA2AC3742C8870A300A0F8BB /* Debug */ = {
			isa = XCBuildConfiguration;
			buildSettings = {
				ALWAYS_SEARCH_USER_PATHS = NO;
				ASSETCATALOG_COMPILER_GENERATE_SWIFT_ASSET_SYMBOL_EXTENSIONS = YES;
				CLANG_ANALYZER_NONNULL = YES;
				CLANG_ANALYZER_NUMBER_OBJECT_CONVERSION = YES_AGGRESSIVE;
				CLANG_CXX_LANGUAGE_STANDARD = "gnu++20";
				CLANG_ENABLE_MODULES = YES;
				CLANG_ENABLE_OBJC_ARC = YES;
				CLANG_ENABLE_OBJC_WEAK = YES;
				CLANG_WARN_BLOCK_CAPTURE_AUTORELEASING = YES;
				CLANG_WARN_BOOL_CONVERSION = YES;
				CLANG_WARN_COMMA = YES;
				CLANG_WARN_CONSTANT_CONVERSION = YES;
				CLANG_WARN_DEPRECATED_OBJC_IMPLEMENTATIONS = YES;
				CLANG_WARN_DIRECT_OBJC_ISA_USAGE = YES_ERROR;
				CLANG_WARN_DOCUMENTATION_COMMENTS = YES;
				CLANG_WARN_EMPTY_BODY = YES;
				CLANG_WARN_ENUM_CONVERSION = YES;
				CLANG_WARN_INFINITE_RECURSION = YES;
				CLANG_WARN_INT_CONVERSION = YES;
				CLANG_WARN_NON_LITERAL_NULL_CONVERSION = YES;
				CLANG_WARN_OBJC_IMPLICIT_RETAIN_SELF = YES;
				CLANG_WARN_OBJC_LITERAL_CONVERSION = YES;
				CLANG_WARN_OBJC_ROOT_CLASS = YES_ERROR;
				CLANG_WARN_QUOTED_INCLUDE_IN_FRAMEWORK_HEADER = YES;
				CLANG_WARN_RANGE_LOOP_ANALYSIS = YES;
				CLANG_WARN_STRICT_PROTOTYPES = YES;
				CLANG_WARN_SUSPICIOUS_MOVE = YES;
				CLANG_WARN_UNGUARDED_AVAILABILITY = YES_AGGRESSIVE;
				CLANG_WARN_UNREACHABLE_CODE = YES;
				CLANG_WARN__DUPLICATE_METHOD_MATCH = YES;
				COPY_PHASE_STRIP = NO;
				DEBUG_INFORMATION_FORMAT = dwarf;
				ENABLE_STRICT_OBJC_MSGSEND = YES;
				ENABLE_TESTABILITY = YES;
				ENABLE_USER_SCRIPT_SANDBOXING = YES;
				GCC_C_LANGUAGE_STANDARD = gnu17;
				GCC_DYNAMIC_NO_PIC = NO;
				GCC_NO_COMMON_BLOCKS = YES;
				GCC_OPTIMIZATION_LEVEL = 0;
				GCC_PREPROCESSOR_DEFINITIONS = (
					"DEBUG=1",
					"$(inherited)",
				);
				GCC_WARN_64_TO_32_BIT_CONVERSION = YES;
				GCC_WARN_ABOUT_RETURN_TYPE = YES_ERROR;
				GCC_WARN_UNDECLARED_SELECTOR = YES;
				GCC_WARN_UNINITIALIZED_AUTOS = YES_AGGRESSIVE;
				GCC_WARN_UNUSED_FUNCTION = YES;
				GCC_WARN_UNUSED_VARIABLE = YES;
				IPHONEOS_DEPLOYMENT_TARGET = 17.5;
				LOCALIZATION_PREFERS_STRING_CATALOGS = YES;
				MTL_ENABLE_DEBUG_INFO = INCLUDE_SOURCE;
				MTL_FAST_MATH = YES;
				ONLY_ACTIVE_ARCH = YES;
				SDKROOT = iphoneos;
				SWIFT_ACTIVE_COMPILATION_CONDITIONS = "DEBUG $(inherited)";
				SWIFT_OPTIMIZATION_LEVEL = "-Onone";
			};
			name = Debug;
		};
		CA2AC3752C8870A300A0F8BB /* Release */ = {
			isa = XCBuildConfiguration;
			buildSettings = {
				ALWAYS_SEARCH_USER_PATHS = NO;
				ASSETCATALOG_COMPILER_GENERATE_SWIFT_ASSET_SYMBOL_EXTENSIONS = YES;
				CLANG_ANALYZER_NONNULL = YES;
				CLANG_ANALYZER_NUMBER_OBJECT_CONVERSION = YES_AGGRESSIVE;
				CLANG_CXX_LANGUAGE_STANDARD = "gnu++20";
				CLANG_ENABLE_MODULES = YES;
				CLANG_ENABLE_OBJC_ARC = YES;
				CLANG_ENABLE_OBJC_WEAK = YES;
				CLANG_WARN_BLOCK_CAPTURE_AUTORELEASING = YES;
				CLANG_WARN_BOOL_CONVERSION = YES;
				CLANG_WARN_COMMA = YES;
				CLANG_WARN_CONSTANT_CONVERSION = YES;
				CLANG_WARN_DEPRECATED_OBJC_IMPLEMENTATIONS = YES;
				CLANG_WARN_DIRECT_OBJC_ISA_USAGE = YES_ERROR;
				CLANG_WARN_DOCUMENTATION_COMMENTS = YES;
				CLANG_WARN_EMPTY_BODY = YES;
				CLANG_WARN_ENUM_CONVERSION = YES;
				CLANG_WARN_INFINITE_RECURSION = YES;
				CLANG_WARN_INT_CONVERSION = YES;
				CLANG_WARN_NON_LITERAL_NULL_CONVERSION = YES;
				CLANG_WARN_OBJC_IMPLICIT_RETAIN_SELF = YES;
				CLANG_WARN_OBJC_LITERAL_CONVERSION = YES;
				CLANG_WARN_OBJC_ROOT_CLASS = YES_ERROR;
				CLANG_WARN_QUOTED_INCLUDE_IN_FRAMEWORK_HEADER = YES;
				CLANG_WARN_RANGE_LOOP_ANALYSIS = YES;
				CLANG_WARN_STRICT_PROTOTYPES = YES;
				CLANG_WARN_SUSPICIOUS_MOVE = YES;
				CLANG_WARN_UNGUARDED_AVAILABILITY = YES_AGGRESSIVE;
				CLANG_WARN_UNREACHABLE_CODE = YES;
				CLANG_WARN__DUPLICATE_METHOD_MATCH = YES;
				COPY_PHASE_STRIP = NO;
				DEBUG_INFORMATION_FORMAT = "dwarf-with-dsym";
				ENABLE_NS_ASSERTIONS = NO;
				ENABLE_STRICT_OBJC_MSGSEND = YES;
				ENABLE_USER_SCRIPT_SANDBOXING = YES;
				GCC_C_LANGUAGE_STANDARD = gnu17;
				GCC_NO_COMMON_BLOCKS = YES;
				GCC_WARN_64_TO_32_BIT_CONVERSION = YES;
				GCC_WARN_ABOUT_RETURN_TYPE = YES_ERROR;
				GCC_WARN_UNDECLARED_SELECTOR = YES;
				GCC_WARN_UNINITIALIZED_AUTOS = YES_AGGRESSIVE;
				GCC_WARN_UNUSED_FUNCTION = YES;
				GCC_WARN_UNUSED_VARIABLE = YES;
				IPHONEOS_DEPLOYMENT_TARGET = 17.5;
				LOCALIZATION_PREFERS_STRING_CATALOGS = YES;
				MTL_ENABLE_DEBUG_INFO = NO;
				MTL_FAST_MATH = YES;
				SDKROOT = iphoneos;
				SWIFT_COMPILATION_MODE = wholemodule;
				VALIDATE_PRODUCT = YES;
			};
			name = Release;
		};
		CA2AC3772C8870A300A0F8BB /* Debug */ = {
			isa = XCBuildConfiguration;
			buildSettings = {
				ASSETCATALOG_COMPILER_APPICON_NAME = AppIcon;
				ASSETCATALOG_COMPILER_GLOBAL_ACCENT_COLOR_NAME = AccentColor;
				CODE_SIGN_STYLE = Automatic;
				CURRENT_PROJECT_VERSION = 1;
				DEVELOPMENT_ASSET_PATHS = "\"TypicodeAlerts/Preview Content\"";
				ENABLE_PREVIEWS = YES;
				GENERATE_INFOPLIST_FILE = YES;
				INFOPLIST_KEY_UIApplicationSceneManifest_Generation = YES;
				INFOPLIST_KEY_UIApplicationSupportsIndirectInputEvents = YES;
				INFOPLIST_KEY_UILaunchScreen_Generation = YES;
				INFOPLIST_KEY_UISupportedInterfaceOrientations_iPad = "UIInterfaceOrientationPortrait UIInterfaceOrientationPortraitUpsideDown UIInterfaceOrientationLandscapeLeft UIInterfaceOrientationLandscapeRight";
				INFOPLIST_KEY_UISupportedInterfaceOrientations_iPhone = "UIInterfaceOrientationPortrait UIInterfaceOrientationLandscapeLeft UIInterfaceOrientationLandscapeRight";
				LD_RUNPATH_SEARCH_PATHS = (
					"$(inherited)",
					"@executable_path/Frameworks",
				);
				MARKETING_VERSION = 1.0;
				PRODUCT_BUNDLE_IDENTIFIER = com.studeapps.TypicodeAlerts;
				PRODUCT_NAME = "$(TARGET_NAME)";
				SWIFT_EMIT_LOC_STRINGS = YES;
				SWIFT_VERSION = 5.0;
				TARGETED_DEVICE_FAMILY = "1,2";
			};
			name = Debug;
		};
		CA2AC3782C8870A300A0F8BB /* Release */ = {
			isa = XCBuildConfiguration;
			buildSettings = {
				ASSETCATALOG_COMPILER_APPICON_NAME = AppIcon;
				ASSETCATALOG_COMPILER_GLOBAL_ACCENT_COLOR_NAME = AccentColor;
				CODE_SIGN_STYLE = Automatic;
				CURRENT_PROJECT_VERSION = 1;
				DEVELOPMENT_ASSET_PATHS = "\"TypicodeAlerts/Preview Content\"";
				ENABLE_PREVIEWS = YES;
				GENERATE_INFOPLIST_FILE = YES;
				INFOPLIST_KEY_UIApplicationSceneManifest_Generation = YES;
				INFOPLIST_KEY_UIApplicationSupportsIndirectInputEvents = YES;
				INFOPLIST_KEY_UILaunchScreen_Generation = YES;
				INFOPLIST_KEY_UISupportedInterfaceOrientations_iPad = "UIInterfaceOrientationPortrait UIInterfaceOrientationPortraitUpsideDown UIInterfaceOrientationLandscapeLeft UIInterfaceOrientationLandscapeRight";
				INFOPLIST_KEY_UISupportedInterfaceOrientations_iPhone = "UIInterfaceOrientationPortrait UIInterfaceOrientationLandscapeLeft UIInterfaceOrientationLandscapeRight";
				LD_RUNPATH_SEARCH_PATHS = (
					"$(inherited)",
					"@executable_path/Frameworks",
				);
				MARKETING_VERSION = 1.0;
				PRODUCT_BUNDLE_IDENTIFIER = com.studeapps.TypicodeAlerts;
				PRODUCT_NAME = "$(TARGET_NAME)";
				SWIFT_EMIT_LOC_STRINGS = YES;
				SWIFT_VERSION = 5.0;
				TARGETED_DEVICE_FAMILY = "1,2";
			};
			name = Release;
		};
		CA2AC37A2C8870A300A0F8BB /* Debug */ = {
			isa = XCBuildConfiguration;
			buildSettings = {
				ALWAYS_EMBED_SWIFT_STANDARD_LIBRARIES = YES;
				BUNDLE_LOADER = "$(TEST_HOST)";
				CODE_SIGN_STYLE = Automatic;
				CURRENT_PROJECT_VERSION = 1;
				GENERATE_INFOPLIST_FILE = YES;
				IPHONEOS_DEPLOYMENT_TARGET = 17.5;
				MARKETING_VERSION = 1.0;
				PRODUCT_BUNDLE_IDENTIFIER = com.studeapps.TypicodeAlertsTests;
				PRODUCT_NAME = "$(TARGET_NAME)";
				SWIFT_EMIT_LOC_STRINGS = NO;
				SWIFT_VERSION = 5.0;
				TARGETED_DEVICE_FAMILY = "1,2";
				TEST_HOST = "$(BUILT_PRODUCTS_DIR)/TypicodeAlerts.app/$(BUNDLE_EXECUTABLE_FOLDER_PATH)/TypicodeAlerts";
			};
			name = Debug;
		};
		CA2AC37B2C8870A300A0F8BB /* Release */ = {
			isa = XCBuildConfiguration;
			buildSettings = {
				ALWAYS_EMBED_SWIFT_STANDARD_LIBRARIES = YES;
				BUNDLE_LOADER = "$(TEST_HOST)";
				CODE_SIGN_STYLE = Automatic;
				CURRENT_PROJECT_VERSION = 1;
				GENERATE_INFOPLIST_FILE = YES;
				IPHONEOS_DEPLOYMENT_TARGET = 17.5;
				MARKETING_VERSION = 1.0;
				PRODUCT_BUNDLE_IDENTIFIER = com.studeapps.TypicodeAlertsTests;
				PRODUCT_NAME = "$(TARGET_NAME)";
				SWIFT_EMIT_LOC_STRINGS = NO;
				SWIFT_VERSION = 5.0;
				TARGETED_DEVICE_FAMILY = "1,2";
				TEST_HOST = "$(BUILT_PRODUCTS_DIR)/TypicodeAlerts.app/$(BUNDLE_EXECUTABLE_FOLDER_PATH)/TypicodeAlerts";
			};
			name = Release;
		};
		CA2AC37D2C8870A300A0F8BB /* Debug */ = {
			isa = XCBuildConfiguration;
			buildSettings = {
				ALWAYS_EMBED_SWIFT_STANDARD_LIBRARIES = YES;
				CODE_SIGN_STYLE = Automatic;
				CURRENT_PROJECT_VERSION = 1;
				GENERATE_INFOPLIST_FILE = YES;
				MARKETING_VERSION = 1.0;
				PRODUCT_BUNDLE_IDENTIFIER = com.studeapps.TypicodeAlertsUITests;
				PRODUCT_NAME = "$(TARGET_NAME)";
				SWIFT_EMIT_LOC_STRINGS = NO;
				SWIFT_VERSION = 5.0;
				TARGETED_DEVICE_FAMILY = "1,2";
				TEST_TARGET_NAME = TypicodeAlerts;
			};
			name = Debug;
		};
		CA2AC37E2C8870A300A0F8BB /* Release */ = {
			isa = XCBuildConfiguration;
			buildSettings = {
				ALWAYS_EMBED_SWIFT_STANDARD_LIBRARIES = YES;
				CODE_SIGN_STYLE = Automatic;
				CURRENT_PROJECT_VERSION = 1;
				GENERATE_INFOPLIST_FILE = YES;
				MARKETING_VERSION = 1.0;
				PRODUCT_BUNDLE_IDENTIFIER = com.studeapps.TypicodeAlertsUITests;
				PRODUCT_NAME = "$(TARGET_NAME)";
				SWIFT_EMIT_LOC_STRINGS = NO;
				SWIFT_VERSION = 5.0;
				TARGETED_DEVICE_FAMILY = "1,2";
				TEST_TARGET_NAME = TypicodeAlerts;
			};
			name = Release;
		};
/* End XCBuildConfiguration section */

/* Begin XCConfigurationList section */
		CA2AC34D2C8870A200A0F8BB /* Build configuration list for PBXProject "TypicodeAlerts" */ = {
			isa = XCConfigurationList;
			buildConfigurations = (
				CA2AC3742C8870A300A0F8BB /* Debug */,
				CA2AC3752C8870A300A0F8BB /* Release */,
			);
			defaultConfigurationIsVisible = 0;
			defaultConfigurationName = Release;
		};
		CA2AC3762C8870A300A0F8BB /* Build configuration list for PBXNativeTarget "TypicodeAlerts" */ = {
			isa = XCConfigurationList;
			buildConfigurations = (
				CA2AC3772C8870A300A0F8BB /* Debug */,
				CA2AC3782C8870A300A0F8BB /* Release */,
			);
			defaultConfigurationIsVisible = 0;
			defaultConfigurationName = Release;
		};
		CA2AC3792C8870A300A0F8BB /* Build configuration list for PBXNativeTarget "TypicodeAlertsTests" */ = {
			isa = XCConfigurationList;
			buildConfigurations = (
				CA2AC37A2C8870A300A0F8BB /* Debug */,
				CA2AC37B2C8870A300A0F8BB /* Release */,
			);
			defaultConfigurationIsVisible = 0;
			defaultConfigurationName = Release;
		};
		CA2AC37C2C8870A300A0F8BB /* Build configuration list for PBXNativeTarget "TypicodeAlertsUITests" */ = {
			isa = XCConfigurationList;
			buildConfigurations = (
				CA2AC37D2C8870A300A0F8BB /* Debug */,
				CA2AC37E2C8870A300A0F8BB /* Release */,
			);
			defaultConfigurationIsVisible = 0;
			defaultConfigurationName = Release;
		};
/* End XCConfigurationList section */

/* Begin XCLocalSwiftPackageReference section */
		CA503C5B2C8B4F2E007FAE6B /* XCLocalSwiftPackageReference "../../../NetworkClient" */ = {
			isa = XCLocalSwiftPackageReference;
			relativePath = ../../../NetworkClient;
		};
/* End XCLocalSwiftPackageReference section */

/* Begin XCSwiftPackageProductDependency section */
		CA2AC3832C887CF900A0F8BB /* NetworkClient */ = {
			isa = XCSwiftPackageProductDependency;
			productName = NetworkClient;
		};
		CA2AC3862C88818A00A0F8BB /* NetworkClient */ = {
			isa = XCSwiftPackageProductDependency;
			productName = NetworkClient;
		};
		CA2AC3882C88818A00A0F8BB /* NetworkClientTestUtilities */ = {
			isa = XCSwiftPackageProductDependency;
			productName = NetworkClientTestUtilities;
		};
		CA2AC38F2C8885E200A0F8BB /* NetworkClient */ = {
			isa = XCSwiftPackageProductDependency;
			productName = NetworkClient;
		};
		CA2AC3912C8885E200A0F8BB /* NetworkClientTestUtilities */ = {
			isa = XCSwiftPackageProductDependency;
			productName = NetworkClientTestUtilities;
		};
		CA2AC3942C8886CB00A0F8BB /* NetworkClient */ = {
			isa = XCSwiftPackageProductDependency;
			productName = NetworkClient;
		};
		CA2AC3962C8886CB00A0F8BB /* NetworkClientTestUtilities */ = {
			isa = XCSwiftPackageProductDependency;
			productName = NetworkClientTestUtilities;
		};
		CA2AC3992C88870600A0F8BB /* NetworkClient */ = {
			isa = XCSwiftPackageProductDependency;
			productName = NetworkClient;
		};
		CA2AC39B2C88870600A0F8BB /* NetworkClientTestUtilities */ = {
			isa = XCSwiftPackageProductDependency;
			productName = NetworkClientTestUtilities;
		};
		CA503C5C2C8B4F2E007FAE6B /* NetworkClient */ = {
			isa = XCSwiftPackageProductDependency;
			productName = NetworkClient;
		};
		CA503C5E2C8B4F2E007FAE6B /* NetworkClientTestUtilities */ = {
			isa = XCSwiftPackageProductDependency;
			productName = NetworkClientTestUtilities;
		};
/* End XCSwiftPackageProductDependency section */
	};
	rootObject = CA2AC34A2C8870A200A0F8BB /* Project object */;
}
