// !$*UTF8*$!
{
	archiveVersion = 1;
	classes = {
	};
	objectVersion = 56;
	objects = {

/* Begin PBXBuildFile section */
		CA4407F72C37FAFC00B5B0B3 /* AnimationApp.swift in Sources */ = {isa = PBXBuildFile; fileRef = CA4407F62C37FAFC00B5B0B3 /* AnimationApp.swift */; };
		CA4407F92C37FAFC00B5B0B3 /* ContentView.swift in Sources */ = {isa = PBXBuildFile; fileRef = CA4407F82C37FAFC00B5B0B3 /* ContentView.swift */; };
		CA4407FB2C37FAFD00B5B0B3 /* Assets.xcassets in Resources */ = {isa = PBXBuildFile; fileRef = CA4407FA2C37FAFD00B5B0B3 /* Assets.xcassets */; };
		CA4407FE2C37FAFD00B5B0B3 /* Preview Assets.xcassets in Resources */ = {isa = PBXBuildFile; fileRef = CA4407FD2C37FAFD00B5B0B3 /* Preview Assets.xcassets */; };
		CA4408082C37FAFD00B5B0B3 /* AnimationTests.swift in Sources */ = {isa = PBXBuildFile; fileRef = CA4408072C37FAFD00B5B0B3 /* AnimationTests.swift */; };
		CA4408122C37FAFD00B5B0B3 /* AnimationUITests.swift in Sources */ = {isa = PBXBuildFile; fileRef = CA4408112C37FAFD00B5B0B3 /* AnimationUITests.swift */; };
		CA4408142C37FAFD00B5B0B3 /* AnimationUITestsLaunchTests.swift in Sources */ = {isa = PBXBuildFile; fileRef = CA4408132C37FAFD00B5B0B3 /* AnimationUITestsLaunchTests.swift */; };
		CA5462412C3E9A9600CE4A5E /* CustomAnimationView.swift in Sources */ = {isa = PBXBuildFile; fileRef = CA5462402C3E9A9600CE4A5E /* CustomAnimationView.swift */; };
		CA5462432C3E9CD400CE4A5E /* AnimationModifiersCombined.swift in Sources */ = {isa = PBXBuildFile; fileRef = CA5462422C3E9CD400CE4A5E /* AnimationModifiersCombined.swift */; };
		CA5462452C3EA04700CE4A5E /* AnimationModifiers.swift in Sources */ = {isa = PBXBuildFile; fileRef = CA5462442C3EA04700CE4A5E /* AnimationModifiers.swift */; };
/* End PBXBuildFile section */

/* Begin PBXContainerItemProxy section */
		CA4408042C37FAFD00B5B0B3 /* PBXContainerItemProxy */ = {
			isa = PBXContainerItemProxy;
			containerPortal = CA4407EB2C37FAFC00B5B0B3 /* Project object */;
			proxyType = 1;
			remoteGlobalIDString = CA4407F22C37FAFC00B5B0B3;
			remoteInfo = Animation;
		};
		CA44080E2C37FAFD00B5B0B3 /* PBXContainerItemProxy */ = {
			isa = PBXContainerItemProxy;
			containerPortal = CA4407EB2C37FAFC00B5B0B3 /* Project object */;
			proxyType = 1;
			remoteGlobalIDString = CA4407F22C37FAFC00B5B0B3;
			remoteInfo = Animation;
		};
/* End PBXContainerItemProxy section */

/* Begin PBXFileReference section */
		CA4407F32C37FAFC00B5B0B3 /* Animation.app */ = {isa = PBXFileReference; explicitFileType = wrapper.application; includeInIndex = 0; path = Animation.app; sourceTree = BUILT_PRODUCTS_DIR; };
		CA4407F62C37FAFC00B5B0B3 /* AnimationApp.swift */ = {isa = PBXFileReference; lastKnownFileType = sourcecode.swift; path = AnimationApp.swift; sourceTree = "<group>"; };
		CA4407F82C37FAFC00B5B0B3 /* ContentView.swift */ = {isa = PBXFileReference; lastKnownFileType = sourcecode.swift; path = ContentView.swift; sourceTree = "<group>"; };
		CA4407FA2C37FAFD00B5B0B3 /* Assets.xcassets */ = {isa = PBXFileReference; lastKnownFileType = folder.assetcatalog; path = Assets.xcassets; sourceTree = "<group>"; };
		CA4407FD2C37FAFD00B5B0B3 /* Preview Assets.xcassets */ = {isa = PBXFileReference; lastKnownFileType = folder.assetcatalog; path = "Preview Assets.xcassets"; sourceTree = "<group>"; };
		CA4408032C37FAFD00B5B0B3 /* AnimationTests.xctest */ = {isa = PBXFileReference; explicitFileType = wrapper.cfbundle; includeInIndex = 0; path = AnimationTests.xctest; sourceTree = BUILT_PRODUCTS_DIR; };
		CA4408072C37FAFD00B5B0B3 /* AnimationTests.swift */ = {isa = PBXFileReference; lastKnownFileType = sourcecode.swift; path = AnimationTests.swift; sourceTree = "<group>"; };
		CA44080D2C37FAFD00B5B0B3 /* AnimationUITests.xctest */ = {isa = PBXFileReference; explicitFileType = wrapper.cfbundle; includeInIndex = 0; path = AnimationUITests.xctest; sourceTree = BUILT_PRODUCTS_DIR; };
		CA4408112C37FAFD00B5B0B3 /* AnimationUITests.swift */ = {isa = PBXFileReference; lastKnownFileType = sourcecode.swift; path = AnimationUITests.swift; sourceTree = "<group>"; };
		CA4408132C37FAFD00B5B0B3 /* AnimationUITestsLaunchTests.swift */ = {isa = PBXFileReference; lastKnownFileType = sourcecode.swift; path = AnimationUITestsLaunchTests.swift; sourceTree = "<group>"; };
		CA5462402C3E9A9600CE4A5E /* CustomAnimationView.swift */ = {isa = PBXFileReference; lastKnownFileType = sourcecode.swift; path = CustomAnimationView.swift; sourceTree = "<group>"; };
		CA5462422C3E9CD400CE4A5E /* AnimationModifiersCombined.swift */ = {isa = PBXFileReference; lastKnownFileType = sourcecode.swift; path = AnimationModifiersCombined.swift; sourceTree = "<group>"; };
		CA5462442C3EA04700CE4A5E /* AnimationModifiers.swift */ = {isa = PBXFileReference; lastKnownFileType = sourcecode.swift; path = AnimationModifiers.swift; sourceTree = "<group>"; };
/* End PBXFileReference section */

/* Begin PBXFrameworksBuildPhase section */
		CA4407F02C37FAFC00B5B0B3 /* Frameworks */ = {
			isa = PBXFrameworksBuildPhase;
			buildActionMask = 2147483647;
			files = (
			);
			runOnlyForDeploymentPostprocessing = 0;
		};
		CA4408002C37FAFD00B5B0B3 /* Frameworks */ = {
			isa = PBXFrameworksBuildPhase;
			buildActionMask = 2147483647;
			files = (
			);
			runOnlyForDeploymentPostprocessing = 0;
		};
		CA44080A2C37FAFD00B5B0B3 /* Frameworks */ = {
			isa = PBXFrameworksBuildPhase;
			buildActionMask = 2147483647;
			files = (
			);
			runOnlyForDeploymentPostprocessing = 0;
		};
/* End PBXFrameworksBuildPhase section */

/* Begin PBXGroup section */
		CA4407EA2C37FAFC00B5B0B3 = {
			isa = PBXGroup;
			children = (
				CA4407F52C37FAFC00B5B0B3 /* Animation */,
				CA4408062C37FAFD00B5B0B3 /* AnimationTests */,
				CA4408102C37FAFD00B5B0B3 /* AnimationUITests */,
				CA4407F42C37FAFC00B5B0B3 /* Products */,
			);
			sourceTree = "<group>";
		};
		CA4407F42C37FAFC00B5B0B3 /* Products */ = {
			isa = PBXGroup;
			children = (
				CA4407F32C37FAFC00B5B0B3 /* Animation.app */,
				CA4408032C37FAFD00B5B0B3 /* AnimationTests.xctest */,
				CA44080D2C37FAFD00B5B0B3 /* AnimationUITests.xctest */,
			);
			name = Products;
			sourceTree = "<group>";
		};
		CA4407F52C37FAFC00B5B0B3 /* Animation */ = {
			isa = PBXGroup;
			children = (
				CA4407F62C37FAFC00B5B0B3 /* AnimationApp.swift */,
				CA4407F82C37FAFC00B5B0B3 /* ContentView.swift */,
				CA5462402C3E9A9600CE4A5E /* CustomAnimationView.swift */,
				CA5462422C3E9CD400CE4A5E /* AnimationModifiersCombined.swift */,
				CA5462442C3EA04700CE4A5E /* AnimationModifiers.swift */,
				CA4407FA2C37FAFD00B5B0B3 /* Assets.xcassets */,
				CA4407FC2C37FAFD00B5B0B3 /* Preview Content */,
			);
			path = Animation;
			sourceTree = "<group>";
		};
		CA4407FC2C37FAFD00B5B0B3 /* Preview Content */ = {
			isa = PBXGroup;
			children = (
				CA4407FD2C37FAFD00B5B0B3 /* Preview Assets.xcassets */,
			);
			path = "Preview Content";
			sourceTree = "<group>";
		};
		CA4408062C37FAFD00B5B0B3 /* AnimationTests */ = {
			isa = PBXGroup;
			children = (
				CA4408072C37FAFD00B5B0B3 /* AnimationTests.swift */,
			);
			path = AnimationTests;
			sourceTree = "<group>";
		};
		CA4408102C37FAFD00B5B0B3 /* AnimationUITests */ = {
			isa = PBXGroup;
			children = (
				CA4408112C37FAFD00B5B0B3 /* AnimationUITests.swift */,
				CA4408132C37FAFD00B5B0B3 /* AnimationUITestsLaunchTests.swift */,
			);
			path = AnimationUITests;
			sourceTree = "<group>";
		};
/* End PBXGroup section */

/* Begin PBXNativeTarget section */
		CA4407F22C37FAFC00B5B0B3 /* Animation */ = {
			isa = PBXNativeTarget;
			buildConfigurationList = CA4408172C37FAFD00B5B0B3 /* Build configuration list for PBXNativeTarget "Animation" */;
			buildPhases = (
				CA4407EF2C37FAFC00B5B0B3 /* Sources */,
				CA4407F02C37FAFC00B5B0B3 /* Frameworks */,
				CA4407F12C37FAFC00B5B0B3 /* Resources */,
			);
			buildRules = (
			);
			dependencies = (
			);
			name = Animation;
			productName = Animation;
			productReference = CA4407F32C37FAFC00B5B0B3 /* Animation.app */;
			productType = "com.apple.product-type.application";
		};
		CA4408022C37FAFD00B5B0B3 /* AnimationTests */ = {
			isa = PBXNativeTarget;
			buildConfigurationList = CA44081A2C37FAFD00B5B0B3 /* Build configuration list for PBXNativeTarget "AnimationTests" */;
			buildPhases = (
				CA4407FF2C37FAFD00B5B0B3 /* Sources */,
				CA4408002C37FAFD00B5B0B3 /* Frameworks */,
				CA4408012C37FAFD00B5B0B3 /* Resources */,
			);
			buildRules = (
			);
			dependencies = (
				CA4408052C37FAFD00B5B0B3 /* PBXTargetDependency */,
			);
			name = AnimationTests;
			productName = AnimationTests;
			productReference = CA4408032C37FAFD00B5B0B3 /* AnimationTests.xctest */;
			productType = "com.apple.product-type.bundle.unit-test";
		};
		CA44080C2C37FAFD00B5B0B3 /* AnimationUITests */ = {
			isa = PBXNativeTarget;
			buildConfigurationList = CA44081D2C37FAFD00B5B0B3 /* Build configuration list for PBXNativeTarget "AnimationUITests" */;
			buildPhases = (
				CA4408092C37FAFD00B5B0B3 /* Sources */,
				CA44080A2C37FAFD00B5B0B3 /* Frameworks */,
				CA44080B2C37FAFD00B5B0B3 /* Resources */,
			);
			buildRules = (
			);
			dependencies = (
				CA44080F2C37FAFD00B5B0B3 /* PBXTargetDependency */,
			);
			name = AnimationUITests;
			productName = AnimationUITests;
			productReference = CA44080D2C37FAFD00B5B0B3 /* AnimationUITests.xctest */;
			productType = "com.apple.product-type.bundle.ui-testing";
		};
/* End PBXNativeTarget section */

/* Begin PBXProject section */
		CA4407EB2C37FAFC00B5B0B3 /* Project object */ = {
			isa = PBXProject;
			attributes = {
				BuildIndependentTargetsInParallel = 1;
				LastSwiftUpdateCheck = 1540;
				LastUpgradeCheck = 1540;
				TargetAttributes = {
					CA4407F22C37FAFC00B5B0B3 = {
						CreatedOnToolsVersion = 15.4;
					};
					CA4408022C37FAFD00B5B0B3 = {
						CreatedOnToolsVersion = 15.4;
						TestTargetID = CA4407F22C37FAFC00B5B0B3;
					};
					CA44080C2C37FAFD00B5B0B3 = {
						CreatedOnToolsVersion = 15.4;
						TestTargetID = CA4407F22C37FAFC00B5B0B3;
					};
				};
			};
			buildConfigurationList = CA4407EE2C37FAFC00B5B0B3 /* Build configuration list for PBXProject "Animation" */;
			compatibilityVersion = "Xcode 14.0";
			developmentRegion = en;
			hasScannedForEncodings = 0;
			knownRegions = (
				en,
				Base,
			);
			mainGroup = CA4407EA2C37FAFC00B5B0B3;
			productRefGroup = CA4407F42C37FAFC00B5B0B3 /* Products */;
			projectDirPath = "";
			projectRoot = "";
			targets = (
				CA4407F22C37FAFC00B5B0B3 /* Animation */,
				CA4408022C37FAFD00B5B0B3 /* AnimationTests */,
				CA44080C2C37FAFD00B5B0B3 /* AnimationUITests */,
			);
		};
/* End PBXProject section */

/* Begin PBXResourcesBuildPhase section */
		CA4407F12C37FAFC00B5B0B3 /* Resources */ = {
			isa = PBXResourcesBuildPhase;
			buildActionMask = 2147483647;
			files = (
				CA4407FE2C37FAFD00B5B0B3 /* Preview Assets.xcassets in Resources */,
				CA4407FB2C37FAFD00B5B0B3 /* Assets.xcassets in Resources */,
			);
			runOnlyForDeploymentPostprocessing = 0;
		};
		CA4408012C37FAFD00B5B0B3 /* Resources */ = {
			isa = PBXResourcesBuildPhase;
			buildActionMask = 2147483647;
			files = (
			);
			runOnlyForDeploymentPostprocessing = 0;
		};
		CA44080B2C37FAFD00B5B0B3 /* Resources */ = {
			isa = PBXResourcesBuildPhase;
			buildActionMask = 2147483647;
			files = (
			);
			runOnlyForDeploymentPostprocessing = 0;
		};
/* End PBXResourcesBuildPhase section */

/* Begin PBXSourcesBuildPhase section */
		CA4407EF2C37FAFC00B5B0B3 /* Sources */ = {
			isa = PBXSourcesBuildPhase;
			buildActionMask = 2147483647;
			files = (
				CA5462412C3E9A9600CE4A5E /* CustomAnimationView.swift in Sources */,
				CA5462432C3E9CD400CE4A5E /* AnimationModifiersCombined.swift in Sources */,
				CA5462452C3EA04700CE4A5E /* AnimationModifiers.swift in Sources */,
				CA4407F92C37FAFC00B5B0B3 /* ContentView.swift in Sources */,
				CA4407F72C37FAFC00B5B0B3 /* AnimationApp.swift in Sources */,
			);
			runOnlyForDeploymentPostprocessing = 0;
		};
		CA4407FF2C37FAFD00B5B0B3 /* Sources */ = {
			isa = PBXSourcesBuildPhase;
			buildActionMask = 2147483647;
			files = (
				CA4408082C37FAFD00B5B0B3 /* AnimationTests.swift in Sources */,
			);
			runOnlyForDeploymentPostprocessing = 0;
		};
		CA4408092C37FAFD00B5B0B3 /* Sources */ = {
			isa = PBXSourcesBuildPhase;
			buildActionMask = 2147483647;
			files = (
				CA4408122C37FAFD00B5B0B3 /* AnimationUITests.swift in Sources */,
				CA4408142C37FAFD00B5B0B3 /* AnimationUITestsLaunchTests.swift in Sources */,
			);
			runOnlyForDeploymentPostprocessing = 0;
		};
/* End PBXSourcesBuildPhase section */

/* Begin PBXTargetDependency section */
		CA4408052C37FAFD00B5B0B3 /* PBXTargetDependency */ = {
			isa = PBXTargetDependency;
			target = CA4407F22C37FAFC00B5B0B3 /* Animation */;
			targetProxy = CA4408042C37FAFD00B5B0B3 /* PBXContainerItemProxy */;
		};
		CA44080F2C37FAFD00B5B0B3 /* PBXTargetDependency */ = {
			isa = PBXTargetDependency;
			target = CA4407F22C37FAFC00B5B0B3 /* Animation */;
			targetProxy = CA44080E2C37FAFD00B5B0B3 /* PBXContainerItemProxy */;
		};
/* End PBXTargetDependency section */

/* Begin XCBuildConfiguration section */
		CA4408152C37FAFD00B5B0B3 /* Debug */ = {
			isa = XCBuildConfiguration;
			buildSettings = {
				ALWAYS_SEARCH_USER_PATHS = NO;
				ASSETCATALOG_COMPILER_GENERATE_SWIFT_ASSET_SYMBOL_EXTENSIONS = YES;
				CLANG_ANALYZER_NONNULL = YES;
				CLANG_ANALYZER_NUMBER_OBJECT_CONVERSION = YES_AGGRESSIVE;
				CLANG_CXX_LANGUAGE_STANDARD = "gnu++20";
				CLANG_ENABLE_MODULES = YES;
				CLANG_ENABLE_OBJC_ARC = YES;
				CLANG_ENABLE_OBJC_WEAK = YES;
				CLANG_WARN_BLOCK_CAPTURE_AUTORELEASING = YES;
				CLANG_WARN_BOOL_CONVERSION = YES;
				CLANG_WARN_COMMA = YES;
				CLANG_WARN_CONSTANT_CONVERSION = YES;
				CLANG_WARN_DEPRECATED_OBJC_IMPLEMENTATIONS = YES;
				CLANG_WARN_DIRECT_OBJC_ISA_USAGE = YES_ERROR;
				CLANG_WARN_DOCUMENTATION_COMMENTS = YES;
				CLANG_WARN_EMPTY_BODY = YES;
				CLANG_WARN_ENUM_CONVERSION = YES;
				CLANG_WARN_INFINITE_RECURSION = YES;
				CLANG_WARN_INT_CONVERSION = YES;
				CLANG_WARN_NON_LITERAL_NULL_CONVERSION = YES;
				CLANG_WARN_OBJC_IMPLICIT_RETAIN_SELF = YES;
				CLANG_WARN_OBJC_LITERAL_CONVERSION = YES;
				CLANG_WARN_OBJC_ROOT_CLASS = YES_ERROR;
				CLANG_WARN_QUOTED_INCLUDE_IN_FRAMEWORK_HEADER = YES;
				CLANG_WARN_RANGE_LOOP_ANALYSIS = YES;
				CLANG_WARN_STRICT_PROTOTYPES = YES;
				CLANG_WARN_SUSPICIOUS_MOVE = YES;
				CLANG_WARN_UNGUARDED_AVAILABILITY = YES_AGGRESSIVE;
				CLANG_WARN_UNREACHABLE_CODE = YES;
				CLANG_WARN__DUPLICATE_METHOD_MATCH = YES;
				COPY_PHASE_STRIP = NO;
				DEBUG_INFORMATION_FORMAT = dwarf;
				ENABLE_STRICT_OBJC_MSGSEND = YES;
				ENABLE_TESTABILITY = YES;
				ENABLE_USER_SCRIPT_SANDBOXING = YES;
				GCC_C_LANGUAGE_STANDARD = gnu17;
				GCC_DYNAMIC_NO_PIC = NO;
				GCC_NO_COMMON_BLOCKS = YES;
				GCC_OPTIMIZATION_LEVEL = 0;
				GCC_PREPROCESSOR_DEFINITIONS = (
					"DEBUG=1",
					"$(inherited)",
				);
				GCC_WARN_64_TO_32_BIT_CONVERSION = YES;
				GCC_WARN_ABOUT_RETURN_TYPE = YES_ERROR;
				GCC_WARN_UNDECLARED_SELECTOR = YES;
				GCC_WARN_UNINITIALIZED_AUTOS = YES_AGGRESSIVE;
				GCC_WARN_UNUSED_FUNCTION = YES;
				GCC_WARN_UNUSED_VARIABLE = YES;
				IPHONEOS_DEPLOYMENT_TARGET = 17.5;
				LOCALIZATION_PREFERS_STRING_CATALOGS = YES;
				MTL_ENABLE_DEBUG_INFO = INCLUDE_SOURCE;
				MTL_FAST_MATH = YES;
				ONLY_ACTIVE_ARCH = YES;
				SDKROOT = iphoneos;
				SWIFT_ACTIVE_COMPILATION_CONDITIONS = "DEBUG $(inherited)";
				SWIFT_OPTIMIZATION_LEVEL = "-Onone";
			};
			name = Debug;
		};
		CA4408162C37FAFD00B5B0B3 /* Release */ = {
			isa = XCBuildConfiguration;
			buildSettings = {
				ALWAYS_SEARCH_USER_PATHS = NO;
				ASSETCATALOG_COMPILER_GENERATE_SWIFT_ASSET_SYMBOL_EXTENSIONS = YES;
				CLANG_ANALYZER_NONNULL = YES;
				CLANG_ANALYZER_NUMBER_OBJECT_CONVERSION = YES_AGGRESSIVE;
				CLANG_CXX_LANGUAGE_STANDARD = "gnu++20";
				CLANG_ENABLE_MODULES = YES;
				CLANG_ENABLE_OBJC_ARC = YES;
				CLANG_ENABLE_OBJC_WEAK = YES;
				CLANG_WARN_BLOCK_CAPTURE_AUTORELEASING = YES;
				CLANG_WARN_BOOL_CONVERSION = YES;
				CLANG_WARN_COMMA = YES;
				CLANG_WARN_CONSTANT_CONVERSION = YES;
				CLANG_WARN_DEPRECATED_OBJC_IMPLEMENTATIONS = YES;
				CLANG_WARN_DIRECT_OBJC_ISA_USAGE = YES_ERROR;
				CLANG_WARN_DOCUMENTATION_COMMENTS = YES;
				CLANG_WARN_EMPTY_BODY = YES;
				CLANG_WARN_ENUM_CONVERSION = YES;
				CLANG_WARN_INFINITE_RECURSION = YES;
				CLANG_WARN_INT_CONVERSION = YES;
				CLANG_WARN_NON_LITERAL_NULL_CONVERSION = YES;
				CLANG_WARN_OBJC_IMPLICIT_RETAIN_SELF = YES;
				CLANG_WARN_OBJC_LITERAL_CONVERSION = YES;
				CLANG_WARN_OBJC_ROOT_CLASS = YES_ERROR;
				CLANG_WARN_QUOTED_INCLUDE_IN_FRAMEWORK_HEADER = YES;
				CLANG_WARN_RANGE_LOOP_ANALYSIS = YES;
				CLANG_WARN_STRICT_PROTOTYPES = YES;
				CLANG_WARN_SUSPICIOUS_MOVE = YES;
				CLANG_WARN_UNGUARDED_AVAILABILITY = YES_AGGRESSIVE;
				CLANG_WARN_UNREACHABLE_CODE = YES;
				CLANG_WARN__DUPLICATE_METHOD_MATCH = YES;
				COPY_PHASE_STRIP = NO;
				DEBUG_INFORMATION_FORMAT = "dwarf-with-dsym";
				ENABLE_NS_ASSERTIONS = NO;
				ENABLE_STRICT_OBJC_MSGSEND = YES;
				ENABLE_USER_SCRIPT_SANDBOXING = YES;
				GCC_C_LANGUAGE_STANDARD = gnu17;
				GCC_NO_COMMON_BLOCKS = YES;
				GCC_WARN_64_TO_32_BIT_CONVERSION = YES;
				GCC_WARN_ABOUT_RETURN_TYPE = YES_ERROR;
				GCC_WARN_UNDECLARED_SELECTOR = YES;
				GCC_WARN_UNINITIALIZED_AUTOS = YES_AGGRESSIVE;
				GCC_WARN_UNUSED_FUNCTION = YES;
				GCC_WARN_UNUSED_VARIABLE = YES;
				IPHONEOS_DEPLOYMENT_TARGET = 17.5;
				LOCALIZATION_PREFERS_STRING_CATALOGS = YES;
				MTL_ENABLE_DEBUG_INFO = NO;
				MTL_FAST_MATH = YES;
				SDKROOT = iphoneos;
				SWIFT_COMPILATION_MODE = wholemodule;
				VALIDATE_PRODUCT = YES;
			};
			name = Release;
		};
		CA4408182C37FAFD00B5B0B3 /* Debug */ = {
			isa = XCBuildConfiguration;
			buildSettings = {
				ASSETCATALOG_COMPILER_APPICON_NAME = AppIcon;
				ASSETCATALOG_COMPILER_GLOBAL_ACCENT_COLOR_NAME = AccentColor;
				CODE_SIGN_STYLE = Automatic;
				CURRENT_PROJECT_VERSION = 1;
				DEVELOPMENT_ASSET_PATHS = "\"Animation/Preview Content\"";
				ENABLE_PREVIEWS = YES;
				GENERATE_INFOPLIST_FILE = YES;
				INFOPLIST_KEY_UIApplicationSceneManifest_Generation = YES;
				INFOPLIST_KEY_UIApplicationSupportsIndirectInputEvents = YES;
				INFOPLIST_KEY_UILaunchScreen_Generation = YES;
				INFOPLIST_KEY_UISupportedInterfaceOrientations_iPad = "UIInterfaceOrientationPortrait UIInterfaceOrientationPortraitUpsideDown UIInterfaceOrientationLandscapeLeft UIInterfaceOrientationLandscapeRight";
				INFOPLIST_KEY_UISupportedInterfaceOrientations_iPhone = "UIInterfaceOrientationPortrait UIInterfaceOrientationLandscapeLeft UIInterfaceOrientationLandscapeRight";
				LD_RUNPATH_SEARCH_PATHS = (
					"$(inherited)",
					"@executable_path/Frameworks",
				);
				MARKETING_VERSION = 1.0;
				PRODUCT_BUNDLE_IDENTIFIER = com.studeapps.Animation;
				PRODUCT_NAME = "$(TARGET_NAME)";
				SWIFT_EMIT_LOC_STRINGS = YES;
				SWIFT_VERSION = 5.0;
				TARGETED_DEVICE_FAMILY = "1,2";
			};
			name = Debug;
		};
		CA4408192C37FAFD00B5B0B3 /* Release */ = {
			isa = XCBuildConfiguration;
			buildSettings = {
				ASSETCATALOG_COMPILER_APPICON_NAME = AppIcon;
				ASSETCATALOG_COMPILER_GLOBAL_ACCENT_COLOR_NAME = AccentColor;
				CODE_SIGN_STYLE = Automatic;
				CURRENT_PROJECT_VERSION = 1;
				DEVELOPMENT_ASSET_PATHS = "\"Animation/Preview Content\"";
				ENABLE_PREVIEWS = YES;
				GENERATE_INFOPLIST_FILE = YES;
				INFOPLIST_KEY_UIApplicationSceneManifest_Generation = YES;
				INFOPLIST_KEY_UIApplicationSupportsIndirectInputEvents = YES;
				INFOPLIST_KEY_UILaunchScreen_Generation = YES;
				INFOPLIST_KEY_UISupportedInterfaceOrientations_iPad = "UIInterfaceOrientationPortrait UIInterfaceOrientationPortraitUpsideDown UIInterfaceOrientationLandscapeLeft UIInterfaceOrientationLandscapeRight";
				INFOPLIST_KEY_UISupportedInterfaceOrientations_iPhone = "UIInterfaceOrientationPortrait UIInterfaceOrientationLandscapeLeft UIInterfaceOrientationLandscapeRight";
				LD_RUNPATH_SEARCH_PATHS = (
					"$(inherited)",
					"@executable_path/Frameworks",
				);
				MARKETING_VERSION = 1.0;
				PRODUCT_BUNDLE_IDENTIFIER = com.studeapps.Animation;
				PRODUCT_NAME = "$(TARGET_NAME)";
				SWIFT_EMIT_LOC_STRINGS = YES;
				SWIFT_VERSION = 5.0;
				TARGETED_DEVICE_FAMILY = "1,2";
			};
			name = Release;
		};
		CA44081B2C37FAFD00B5B0B3 /* Debug */ = {
			isa = XCBuildConfiguration;
			buildSettings = {
				ALWAYS_EMBED_SWIFT_STANDARD_LIBRARIES = YES;
				BUNDLE_LOADER = "$(TEST_HOST)";
				CODE_SIGN_STYLE = Automatic;
				CURRENT_PROJECT_VERSION = 1;
				GENERATE_INFOPLIST_FILE = YES;
				IPHONEOS_DEPLOYMENT_TARGET = 17.5;
				MARKETING_VERSION = 1.0;
				PRODUCT_BUNDLE_IDENTIFIER = com.studeapps.AnimationTests;
				PRODUCT_NAME = "$(TARGET_NAME)";
				SWIFT_EMIT_LOC_STRINGS = NO;
				SWIFT_VERSION = 5.0;
				TARGETED_DEVICE_FAMILY = "1,2";
				TEST_HOST = "$(BUILT_PRODUCTS_DIR)/Animation.app/$(BUNDLE_EXECUTABLE_FOLDER_PATH)/Animation";
			};
			name = Debug;
		};
		CA44081C2C37FAFD00B5B0B3 /* Release */ = {
			isa = XCBuildConfiguration;
			buildSettings = {
				ALWAYS_EMBED_SWIFT_STANDARD_LIBRARIES = YES;
				BUNDLE_LOADER = "$(TEST_HOST)";
				CODE_SIGN_STYLE = Automatic;
				CURRENT_PROJECT_VERSION = 1;
				GENERATE_INFOPLIST_FILE = YES;
				IPHONEOS_DEPLOYMENT_TARGET = 17.5;
				MARKETING_VERSION = 1.0;
				PRODUCT_BUNDLE_IDENTIFIER = com.studeapps.AnimationTests;
				PRODUCT_NAME = "$(TARGET_NAME)";
				SWIFT_EMIT_LOC_STRINGS = NO;
				SWIFT_VERSION = 5.0;
				TARGETED_DEVICE_FAMILY = "1,2";
				TEST_HOST = "$(BUILT_PRODUCTS_DIR)/Animation.app/$(BUNDLE_EXECUTABLE_FOLDER_PATH)/Animation";
			};
			name = Release;
		};
		CA44081E2C37FAFD00B5B0B3 /* Debug */ = {
			isa = XCBuildConfiguration;
			buildSettings = {
				ALWAYS_EMBED_SWIFT_STANDARD_LIBRARIES = YES;
				CODE_SIGN_STYLE = Automatic;
				CURRENT_PROJECT_VERSION = 1;
				GENERATE_INFOPLIST_FILE = YES;
				MARKETING_VERSION = 1.0;
				PRODUCT_BUNDLE_IDENTIFIER = com.studeapps.AnimationUITests;
				PRODUCT_NAME = "$(TARGET_NAME)";
				SWIFT_EMIT_LOC_STRINGS = NO;
				SWIFT_VERSION = 5.0;
				TARGETED_DEVICE_FAMILY = "1,2";
				TEST_TARGET_NAME = Animation;
			};
			name = Debug;
		};
		CA44081F2C37FAFD00B5B0B3 /* Release */ = {
			isa = XCBuildConfiguration;
			buildSettings = {
				ALWAYS_EMBED_SWIFT_STANDARD_LIBRARIES = YES;
				CODE_SIGN_STYLE = Automatic;
				CURRENT_PROJECT_VERSION = 1;
				GENERATE_INFOPLIST_FILE = YES;
				MARKETING_VERSION = 1.0;
				PRODUCT_BUNDLE_IDENTIFIER = com.studeapps.AnimationUITests;
				PRODUCT_NAME = "$(TARGET_NAME)";
				SWIFT_EMIT_LOC_STRINGS = NO;
				SWIFT_VERSION = 5.0;
				TARGETED_DEVICE_FAMILY = "1,2";
				TEST_TARGET_NAME = Animation;
			};
			name = Release;
		};
/* End XCBuildConfiguration section */

/* Begin XCConfigurationList section */
		CA4407EE2C37FAFC00B5B0B3 /* Build configuration list for PBXProject "Animation" */ = {
			isa = XCConfigurationList;
			buildConfigurations = (
				CA4408152C37FAFD00B5B0B3 /* Debug */,
				CA4408162C37FAFD00B5B0B3 /* Release */,
			);
			defaultConfigurationIsVisible = 0;
			defaultConfigurationName = Release;
		};
		CA4408172C37FAFD00B5B0B3 /* Build configuration list for PBXNativeTarget "Animation" */ = {
			isa = XCConfigurationList;
			buildConfigurations = (
				CA4408182C37FAFD00B5B0B3 /* Debug */,
				CA4408192C37FAFD00B5B0B3 /* Release */,
			);
			defaultConfigurationIsVisible = 0;
			defaultConfigurationName = Release;
		};
		CA44081A2C37FAFD00B5B0B3 /* Build configuration list for PBXNativeTarget "AnimationTests" */ = {
			isa = XCConfigurationList;
			buildConfigurations = (
				CA44081B2C37FAFD00B5B0B3 /* Debug */,
				CA44081C2C37FAFD00B5B0B3 /* Release */,
			);
			defaultConfigurationIsVisible = 0;
			defaultConfigurationName = Release;
		};
		CA44081D2C37FAFD00B5B0B3 /* Build configuration list for PBXNativeTarget "AnimationUITests" */ = {
			isa = XCConfigurationList;
			buildConfigurations = (
				CA44081E2C37FAFD00B5B0B3 /* Debug */,
				CA44081F2C37FAFD00B5B0B3 /* Release */,
			);
			defaultConfigurationIsVisible = 0;
			defaultConfigurationName = Release;
		};
/* End XCConfigurationList section */
	};
	rootObject = CA4407EB2C37FAFC00B5B0B3 /* Project object */;
}
