// !$*UTF8*$!
{
	archiveVersion = 1;
	classes = {
	};
	objectVersion = 77;
	objects = {

/* Begin PBXContainerItemProxy section */
		CA62EFF32D59386200568F9C /* PBXContainerItemProxy */ = {
			isa = PBXContainerItemProxy;
			containerPortal = CA62EFD42D59386100568F9C /* Project object */;
			proxyType = 1;
			remoteGlobalIDString = CA62EFDB2D59386100568F9C;
			remoteInfo = CollapsibleHeaderProject;
		};
		CA62EFFD2D59386200568F9C /* PBXContainerItemProxy */ = {
			isa = PBXContainerItemProxy;
			containerPortal = CA62EFD42D59386100568F9C /* Project object */;
			proxyType = 1;
			remoteGlobalIDString = CA62EFDB2D59386100568F9C;
			remoteInfo = CollapsibleHeaderProject;
		};
/* End PBXContainerItemProxy section */

/* Begin PBXFileReference section */
		CA62EFDC2D59386100568F9C /* CollapsibleHeaderProject.app */ = {isa = PBXFileReference; explicitFileType = wrapper.application; includeInIndex = 0; path = CollapsibleHeaderProject.app; sourceTree = BUILT_PRODUCTS_DIR; };
		CA62EFF22D59386200568F9C /* CollapsibleHeaderProjectTests.xctest */ = {isa = PBXFileReference; explicitFileType = wrapper.cfbundle; includeInIndex = 0; path = CollapsibleHeaderProjectTests.xctest; sourceTree = BUILT_PRODUCTS_DIR; };
		CA62EFFC2D59386200568F9C /* CollapsibleHeaderProjectUITests.xctest */ = {isa = PBXFileReference; explicitFileType = wrapper.cfbundle; includeInIndex = 0; path = CollapsibleHeaderProjectUITests.xctest; sourceTree = BUILT_PRODUCTS_DIR; };
/* End PBXFileReference section */

/* Begin PBXFileSystemSynchronizedBuildFileExceptionSet section */
		CA62F0042D59386200568F9C /* Exceptions for "CollapsibleHeaderProject" folder in "CollapsibleHeaderProject" target */ = {
			isa = PBXFileSystemSynchronizedBuildFileExceptionSet;
			membershipExceptions = (
				Info.plist,
			);
			target = CA62EFDB2D59386100568F9C /* CollapsibleHeaderProject */;
		};
/* End PBXFileSystemSynchronizedBuildFileExceptionSet section */

/* Begin PBXFileSystemSynchronizedRootGroup section */
		CA62EFDE2D59386100568F9C /* CollapsibleHeaderProject */ = {
			isa = PBXFileSystemSynchronizedRootGroup;
			exceptions = (
				CA62F0042D59386200568F9C /* Exceptions for "CollapsibleHeaderProject" folder in "CollapsibleHeaderProject" target */,
			);
			path = CollapsibleHeaderProject;
			sourceTree = "<group>";
		};
		CA62EFF52D59386200568F9C /* CollapsibleHeaderProjectTests */ = {
			isa = PBXFileSystemSynchronizedRootGroup;
			path = CollapsibleHeaderProjectTests;
			sourceTree = "<group>";
		};
		CA62EFFF2D59386200568F9C /* CollapsibleHeaderProjectUITests */ = {
			isa = PBXFileSystemSynchronizedRootGroup;
			path = CollapsibleHeaderProjectUITests;
			sourceTree = "<group>";
		};
/* End PBXFileSystemSynchronizedRootGroup section */

/* Begin PBXFrameworksBuildPhase section */
		CA62EFD92D59386100568F9C /* Frameworks */ = {
			isa = PBXFrameworksBuildPhase;
			buildActionMask = 2147483647;
			files = (
			);
			runOnlyForDeploymentPostprocessing = 0;
		};
		CA62EFEF2D59386200568F9C /* Frameworks */ = {
			isa = PBXFrameworksBuildPhase;
			buildActionMask = 2147483647;
			files = (
			);
			runOnlyForDeploymentPostprocessing = 0;
		};
		CA62EFF92D59386200568F9C /* Frameworks */ = {
			isa = PBXFrameworksBuildPhase;
			buildActionMask = 2147483647;
			files = (
			);
			runOnlyForDeploymentPostprocessing = 0;
		};
/* End PBXFrameworksBuildPhase section */

/* Begin PBXGroup section */
		CA62EFD32D59386100568F9C = {
			isa = PBXGroup;
			children = (
				CA62EFDE2D59386100568F9C /* CollapsibleHeaderProject */,
				CA62EFF52D59386200568F9C /* CollapsibleHeaderProjectTests */,
				CA62EFFF2D59386200568F9C /* CollapsibleHeaderProjectUITests */,
				CA62EFDD2D59386100568F9C /* Products */,
			);
			sourceTree = "<group>";
		};
		CA62EFDD2D59386100568F9C /* Products */ = {
			isa = PBXGroup;
			children = (
				CA62EFDC2D59386100568F9C /* CollapsibleHeaderProject.app */,
				CA62EFF22D59386200568F9C /* CollapsibleHeaderProjectTests.xctest */,
				CA62EFFC2D59386200568F9C /* CollapsibleHeaderProjectUITests.xctest */,
			);
			name = Products;
			sourceTree = "<group>";
		};
/* End PBXGroup section */

/* Begin PBXNativeTarget section */
		CA62EFDB2D59386100568F9C /* CollapsibleHeaderProject */ = {
			isa = PBXNativeTarget;
			buildConfigurationList = CA62F0052D59386200568F9C /* Build configuration list for PBXNativeTarget "CollapsibleHeaderProject" */;
			buildPhases = (
				CA62EFD82D59386100568F9C /* Sources */,
				CA62EFD92D59386100568F9C /* Frameworks */,
				CA62EFDA2D59386100568F9C /* Resources */,
			);
			buildRules = (
			);
			dependencies = (
			);
			fileSystemSynchronizedGroups = (
				CA62EFDE2D59386100568F9C /* CollapsibleHeaderProject */,
			);
			name = CollapsibleHeaderProject;
			packageProductDependencies = (
			);
			productName = CollapsibleHeaderProject;
			productReference = CA62EFDC2D59386100568F9C /* CollapsibleHeaderProject.app */;
			productType = "com.apple.product-type.application";
		};
		CA62EFF12D59386200568F9C /* CollapsibleHeaderProjectTests */ = {
			isa = PBXNativeTarget;
			buildConfigurationList = CA62F00A2D59386200568F9C /* Build configuration list for PBXNativeTarget "CollapsibleHeaderProjectTests" */;
			buildPhases = (
				CA62EFEE2D59386200568F9C /* Sources */,
				CA62EFEF2D59386200568F9C /* Frameworks */,
				CA62EFF02D59386200568F9C /* Resources */,
			);
			buildRules = (
			);
			dependencies = (
				CA62EFF42D59386200568F9C /* PBXTargetDependency */,
			);
			fileSystemSynchronizedGroups = (
				CA62EFF52D59386200568F9C /* CollapsibleHeaderProjectTests */,
			);
			name = CollapsibleHeaderProjectTests;
			packageProductDependencies = (
			);
			productName = CollapsibleHeaderProjectTests;
			productReference = CA62EFF22D59386200568F9C /* CollapsibleHeaderProjectTests.xctest */;
			productType = "com.apple.product-type.bundle.unit-test";
		};
		CA62EFFB2D59386200568F9C /* CollapsibleHeaderProjectUITests */ = {
			isa = PBXNativeTarget;
			buildConfigurationList = CA62F00D2D59386200568F9C /* Build configuration list for PBXNativeTarget "CollapsibleHeaderProjectUITests" */;
			buildPhases = (
				CA62EFF82D59386200568F9C /* Sources */,
				CA62EFF92D59386200568F9C /* Frameworks */,
				CA62EFFA2D59386200568F9C /* Resources */,
			);
			buildRules = (
			);
			dependencies = (
				CA62EFFE2D59386200568F9C /* PBXTargetDependency */,
			);
			fileSystemSynchronizedGroups = (
				CA62EFFF2D59386200568F9C /* CollapsibleHeaderProjectUITests */,
			);
			name = CollapsibleHeaderProjectUITests;
			packageProductDependencies = (
			);
			productName = CollapsibleHeaderProjectUITests;
			productReference = CA62EFFC2D59386200568F9C /* CollapsibleHeaderProjectUITests.xctest */;
			productType = "com.apple.product-type.bundle.ui-testing";
		};
/* End PBXNativeTarget section */

/* Begin PBXProject section */
		CA62EFD42D59386100568F9C /* Project object */ = {
			isa = PBXProject;
			attributes = {
				BuildIndependentTargetsInParallel = 1;
				LastSwiftUpdateCheck = 1600;
				LastUpgradeCheck = 1600;
				TargetAttributes = {
					CA62EFDB2D59386100568F9C = {
						CreatedOnToolsVersion = 16.0;
					};
					CA62EFF12D59386200568F9C = {
						CreatedOnToolsVersion = 16.0;
						TestTargetID = CA62EFDB2D59386100568F9C;
					};
					CA62EFFB2D59386200568F9C = {
						CreatedOnToolsVersion = 16.0;
						TestTargetID = CA62EFDB2D59386100568F9C;
					};
				};
			};
			buildConfigurationList = CA62EFD72D59386100568F9C /* Build configuration list for PBXProject "CollapsibleHeaderProject" */;
			developmentRegion = en;
			hasScannedForEncodings = 0;
			knownRegions = (
				en,
				Base,
			);
			mainGroup = CA62EFD32D59386100568F9C;
			minimizedProjectReferenceProxies = 1;
			preferredProjectObjectVersion = 77;
			productRefGroup = CA62EFDD2D59386100568F9C /* Products */;
			projectDirPath = "";
			projectRoot = "";
			targets = (
				CA62EFDB2D59386100568F9C /* CollapsibleHeaderProject */,
				CA62EFF12D59386200568F9C /* CollapsibleHeaderProjectTests */,
				CA62EFFB2D59386200568F9C /* CollapsibleHeaderProjectUITests */,
			);
		};
/* End PBXProject section */

/* Begin PBXResourcesBuildPhase section */
		CA62EFDA2D59386100568F9C /* Resources */ = {
			isa = PBXResourcesBuildPhase;
			buildActionMask = 2147483647;
			files = (
			);
			runOnlyForDeploymentPostprocessing = 0;
		};
		CA62EFF02D59386200568F9C /* Resources */ = {
			isa = PBXResourcesBuildPhase;
			buildActionMask = 2147483647;
			files = (
			);
			runOnlyForDeploymentPostprocessing = 0;
		};
		CA62EFFA2D59386200568F9C /* Resources */ = {
			isa = PBXResourcesBuildPhase;
			buildActionMask = 2147483647;
			files = (
			);
			runOnlyForDeploymentPostprocessing = 0;
		};
/* End PBXResourcesBuildPhase section */

/* Begin PBXSourcesBuildPhase section */
		CA62EFD82D59386100568F9C /* Sources */ = {
			isa = PBXSourcesBuildPhase;
			buildActionMask = 2147483647;
			files = (
			);
			runOnlyForDeploymentPostprocessing = 0;
		};
		CA62EFEE2D59386200568F9C /* Sources */ = {
			isa = PBXSourcesBuildPhase;
			buildActionMask = 2147483647;
			files = (
			);
			runOnlyForDeploymentPostprocessing = 0;
		};
		CA62EFF82D59386200568F9C /* Sources */ = {
			isa = PBXSourcesBuildPhase;
			buildActionMask = 2147483647;
			files = (
			);
			runOnlyForDeploymentPostprocessing = 0;
		};
/* End PBXSourcesBuildPhase section */

/* Begin PBXTargetDependency section */
		CA62EFF42D59386200568F9C /* PBXTargetDependency */ = {
			isa = PBXTargetDependency;
			target = CA62EFDB2D59386100568F9C /* CollapsibleHeaderProject */;
			targetProxy = CA62EFF32D59386200568F9C /* PBXContainerItemProxy */;
		};
		CA62EFFE2D59386200568F9C /* PBXTargetDependency */ = {
			isa = PBXTargetDependency;
			target = CA62EFDB2D59386100568F9C /* CollapsibleHeaderProject */;
			targetProxy = CA62EFFD2D59386200568F9C /* PBXContainerItemProxy */;
		};
/* End PBXTargetDependency section */

/* Begin XCBuildConfiguration section */
		CA62F0062D59386200568F9C /* Debug */ = {
			isa = XCBuildConfiguration;
			buildSettings = {
				ASSETCATALOG_COMPILER_APPICON_NAME = AppIcon;
				ASSETCATALOG_COMPILER_GLOBAL_ACCENT_COLOR_NAME = AccentColor;
				CODE_SIGN_STYLE = Automatic;
				CURRENT_PROJECT_VERSION = 1;
				DEVELOPMENT_TEAM = UW69ZFFDZJ;
				GENERATE_INFOPLIST_FILE = YES;
				INFOPLIST_FILE = CollapsibleHeaderProject/Info.plist;
				INFOPLIST_KEY_UIApplicationSupportsIndirectInputEvents = YES;
				INFOPLIST_KEY_UILaunchStoryboardName = LaunchScreen;
				INFOPLIST_KEY_UIMainStoryboardFile = "";
				INFOPLIST_KEY_UISupportedInterfaceOrientations_iPad = "UIInterfaceOrientationPortrait UIInterfaceOrientationPortraitUpsideDown UIInterfaceOrientationLandscapeLeft UIInterfaceOrientationLandscapeRight";
				INFOPLIST_KEY_UISupportedInterfaceOrientations_iPhone = "UIInterfaceOrientationPortrait UIInterfaceOrientationLandscapeLeft UIInterfaceOrientationLandscapeRight";
				LD_RUNPATH_SEARCH_PATHS = (
					"$(inherited)",
					"@executable_path/Frameworks",
				);
				MARKETING_VERSION = 1.0;
				PRODUCT_BUNDLE_IDENTIFIER = com.studeapps.CollapsibleHeaderProject;
				PRODUCT_NAME = "$(TARGET_NAME)";
				SWIFT_EMIT_LOC_STRINGS = YES;
				SWIFT_VERSION = 5.0;
				TARGETED_DEVICE_FAMILY = "1,2";
			};
			name = Debug;
		};
		CA62F0072D59386200568F9C /* Release */ = {
			isa = XCBuildConfiguration;
			buildSettings = {
				ASSETCATALOG_COMPILER_APPICON_NAME = AppIcon;
				ASSETCATALOG_COMPILER_GLOBAL_ACCENT_COLOR_NAME = AccentColor;
				CODE_SIGN_STYLE = Automatic;
				CURRENT_PROJECT_VERSION = 1;
				DEVELOPMENT_TEAM = UW69ZFFDZJ;
				GENERATE_INFOPLIST_FILE = YES;
				INFOPLIST_FILE = CollapsibleHeaderProject/Info.plist;
				INFOPLIST_KEY_UIApplicationSupportsIndirectInputEvents = YES;
				INFOPLIST_KEY_UILaunchStoryboardName = LaunchScreen;
				INFOPLIST_KEY_UIMainStoryboardFile = "";
				INFOPLIST_KEY_UISupportedInterfaceOrientations_iPad = "UIInterfaceOrientationPortrait UIInterfaceOrientationPortraitUpsideDown UIInterfaceOrientationLandscapeLeft UIInterfaceOrientationLandscapeRight";
				INFOPLIST_KEY_UISupportedInterfaceOrientations_iPhone = "UIInterfaceOrientationPortrait UIInterfaceOrientationLandscapeLeft UIInterfaceOrientationLandscapeRight";
				LD_RUNPATH_SEARCH_PATHS = (
					"$(inherited)",
					"@executable_path/Frameworks",
				);
				MARKETING_VERSION = 1.0;
				PRODUCT_BUNDLE_IDENTIFIER = com.studeapps.CollapsibleHeaderProject;
				PRODUCT_NAME = "$(TARGET_NAME)";
				SWIFT_EMIT_LOC_STRINGS = YES;
				SWIFT_VERSION = 5.0;
				TARGETED_DEVICE_FAMILY = "1,2";
			};
			name = Release;
		};
		CA62F0082D59386200568F9C /* Debug */ = {
			isa = XCBuildConfiguration;
			buildSettings = {
				ALWAYS_SEARCH_USER_PATHS = NO;
				ASSETCATALOG_COMPILER_GENERATE_SWIFT_ASSET_SYMBOL_EXTENSIONS = YES;
				CLANG_ANALYZER_NONNULL = YES;
				CLANG_ANALYZER_NUMBER_OBJECT_CONVERSION = YES_AGGRESSIVE;
				CLANG_CXX_LANGUAGE_STANDARD = "gnu++20";
				CLANG_ENABLE_MODULES = YES;
				CLANG_ENABLE_OBJC_ARC = YES;
				CLANG_ENABLE_OBJC_WEAK = YES;
				CLANG_WARN_BLOCK_CAPTURE_AUTORELEASING = YES;
				CLANG_WARN_BOOL_CONVERSION = YES;
				CLANG_WARN_COMMA = YES;
				CLANG_WARN_CONSTANT_CONVERSION = YES;
				CLANG_WARN_DEPRECATED_OBJC_IMPLEMENTATIONS = YES;
				CLANG_WARN_DIRECT_OBJC_ISA_USAGE = YES_ERROR;
				CLANG_WARN_DOCUMENTATION_COMMENTS = YES;
				CLANG_WARN_EMPTY_BODY = YES;
				CLANG_WARN_ENUM_CONVERSION = YES;
				CLANG_WARN_INFINITE_RECURSION = YES;
				CLANG_WARN_INT_CONVERSION = YES;
				CLANG_WARN_NON_LITERAL_NULL_CONVERSION = YES;
				CLANG_WARN_OBJC_IMPLICIT_RETAIN_SELF = YES;
				CLANG_WARN_OBJC_LITERAL_CONVERSION = YES;
				CLANG_WARN_OBJC_ROOT_CLASS = YES_ERROR;
				CLANG_WARN_QUOTED_INCLUDE_IN_FRAMEWORK_HEADER = YES;
				CLANG_WARN_RANGE_LOOP_ANALYSIS = YES;
				CLANG_WARN_STRICT_PROTOTYPES = YES;
				CLANG_WARN_SUSPICIOUS_MOVE = YES;
				CLANG_WARN_UNGUARDED_AVAILABILITY = YES_AGGRESSIVE;
				CLANG_WARN_UNREACHABLE_CODE = YES;
				CLANG_WARN__DUPLICATE_METHOD_MATCH = YES;
				COPY_PHASE_STRIP = NO;
				DEBUG_INFORMATION_FORMAT = dwarf;
				ENABLE_STRICT_OBJC_MSGSEND = YES;
				ENABLE_TESTABILITY = YES;
				ENABLE_USER_SCRIPT_SANDBOXING = YES;
				GCC_C_LANGUAGE_STANDARD = gnu17;
				GCC_DYNAMIC_NO_PIC = NO;
				GCC_NO_COMMON_BLOCKS = YES;
				GCC_OPTIMIZATION_LEVEL = 0;
				GCC_PREPROCESSOR_DEFINITIONS = (
					"DEBUG=1",
					"$(inherited)",
				);
				GCC_WARN_64_TO_32_BIT_CONVERSION = YES;
				GCC_WARN_ABOUT_RETURN_TYPE = YES_ERROR;
				GCC_WARN_UNDECLARED_SELECTOR = YES;
				GCC_WARN_UNINITIALIZED_AUTOS = YES_AGGRESSIVE;
				GCC_WARN_UNUSED_FUNCTION = YES;
				GCC_WARN_UNUSED_VARIABLE = YES;
				IPHONEOS_DEPLOYMENT_TARGET = 18.0;
				LOCALIZATION_PREFERS_STRING_CATALOGS = YES;
				MTL_ENABLE_DEBUG_INFO = INCLUDE_SOURCE;
				MTL_FAST_MATH = YES;
				ONLY_ACTIVE_ARCH = YES;
				SDKROOT = iphoneos;
				SWIFT_ACTIVE_COMPILATION_CONDITIONS = "DEBUG $(inherited)";
				SWIFT_OPTIMIZATION_LEVEL = "-Onone";
			};
			name = Debug;
		};
		CA62F0092D59386200568F9C /* Release */ = {
			isa = XCBuildConfiguration;
			buildSettings = {
				ALWAYS_SEARCH_USER_PATHS = NO;
				ASSETCATALOG_COMPILER_GENERATE_SWIFT_ASSET_SYMBOL_EXTENSIONS = YES;
				CLANG_ANALYZER_NONNULL = YES;
				CLANG_ANALYZER_NUMBER_OBJECT_CONVERSION = YES_AGGRESSIVE;
				CLANG_CXX_LANGUAGE_STANDARD = "gnu++20";
				CLANG_ENABLE_MODULES = YES;
				CLANG_ENABLE_OBJC_ARC = YES;
				CLANG_ENABLE_OBJC_WEAK = YES;
				CLANG_WARN_BLOCK_CAPTURE_AUTORELEASING = YES;
				CLANG_WARN_BOOL_CONVERSION = YES;
				CLANG_WARN_COMMA = YES;
				CLANG_WARN_CONSTANT_CONVERSION = YES;
				CLANG_WARN_DEPRECATED_OBJC_IMPLEMENTATIONS = YES;
				CLANG_WARN_DIRECT_OBJC_ISA_USAGE = YES_ERROR;
				CLANG_WARN_DOCUMENTATION_COMMENTS = YES;
				CLANG_WARN_EMPTY_BODY = YES;
				CLANG_WARN_ENUM_CONVERSION = YES;
				CLANG_WARN_INFINITE_RECURSION = YES;
				CLANG_WARN_INT_CONVERSION = YES;
				CLANG_WARN_NON_LITERAL_NULL_CONVERSION = YES;
				CLANG_WARN_OBJC_IMPLICIT_RETAIN_SELF = YES;
				CLANG_WARN_OBJC_LITERAL_CONVERSION = YES;
				CLANG_WARN_OBJC_ROOT_CLASS = YES_ERROR;
				CLANG_WARN_QUOTED_INCLUDE_IN_FRAMEWORK_HEADER = YES;
				CLANG_WARN_RANGE_LOOP_ANALYSIS = YES;
				CLANG_WARN_STRICT_PROTOTYPES = YES;
				CLANG_WARN_SUSPICIOUS_MOVE = YES;
				CLANG_WARN_UNGUARDED_AVAILABILITY = YES_AGGRESSIVE;
				CLANG_WARN_UNREACHABLE_CODE = YES;
				CLANG_WARN__DUPLICATE_METHOD_MATCH = YES;
				COPY_PHASE_STRIP = NO;
				DEBUG_INFORMATION_FORMAT = "dwarf-with-dsym";
				ENABLE_NS_ASSERTIONS = NO;
				ENABLE_STRICT_OBJC_MSGSEND = YES;
				ENABLE_USER_SCRIPT_SANDBOXING = YES;
				GCC_C_LANGUAGE_STANDARD = gnu17;
				GCC_NO_COMMON_BLOCKS = YES;
				GCC_WARN_64_TO_32_BIT_CONVERSION = YES;
				GCC_WARN_ABOUT_RETURN_TYPE = YES_ERROR;
				GCC_WARN_UNDECLARED_SELECTOR = YES;
				GCC_WARN_UNINITIALIZED_AUTOS = YES_AGGRESSIVE;
				GCC_WARN_UNUSED_FUNCTION = YES;
				GCC_WARN_UNUSED_VARIABLE = YES;
				IPHONEOS_DEPLOYMENT_TARGET = 18.0;
				LOCALIZATION_PREFERS_STRING_CATALOGS = YES;
				MTL_ENABLE_DEBUG_INFO = NO;
				MTL_FAST_MATH = YES;
				SDKROOT = iphoneos;
				SWIFT_COMPILATION_MODE = wholemodule;
				VALIDATE_PRODUCT = YES;
			};
			name = Release;
		};
		CA62F00B2D59386200568F9C /* Debug */ = {
			isa = XCBuildConfiguration;
			buildSettings = {
				BUNDLE_LOADER = "$(TEST_HOST)";
				CODE_SIGN_STYLE = Automatic;
				CURRENT_PROJECT_VERSION = 1;
				DEVELOPMENT_TEAM = UW69ZFFDZJ;
				GENERATE_INFOPLIST_FILE = YES;
				IPHONEOS_DEPLOYMENT_TARGET = 18.0;
				MARKETING_VERSION = 1.0;
				PRODUCT_BUNDLE_IDENTIFIER = com.studeapps.CollapsibleHeaderProjectTests;
				PRODUCT_NAME = "$(TARGET_NAME)";
				SWIFT_EMIT_LOC_STRINGS = NO;
				SWIFT_VERSION = 5.0;
				TARGETED_DEVICE_FAMILY = "1,2";
				TEST_HOST = "$(BUILT_PRODUCTS_DIR)/CollapsibleHeaderProject.app/$(BUNDLE_EXECUTABLE_FOLDER_PATH)/CollapsibleHeaderProject";
			};
			name = Debug;
		};
		CA62F00C2D59386200568F9C /* Release */ = {
			isa = XCBuildConfiguration;
			buildSettings = {
				BUNDLE_LOADER = "$(TEST_HOST)";
				CODE_SIGN_STYLE = Automatic;
				CURRENT_PROJECT_VERSION = 1;
				DEVELOPMENT_TEAM = UW69ZFFDZJ;
				GENERATE_INFOPLIST_FILE = YES;
				IPHONEOS_DEPLOYMENT_TARGET = 18.0;
				MARKETING_VERSION = 1.0;
				PRODUCT_BUNDLE_IDENTIFIER = com.studeapps.CollapsibleHeaderProjectTests;
				PRODUCT_NAME = "$(TARGET_NAME)";
				SWIFT_EMIT_LOC_STRINGS = NO;
				SWIFT_VERSION = 5.0;
				TARGETED_DEVICE_FAMILY = "1,2";
				TEST_HOST = "$(BUILT_PRODUCTS_DIR)/CollapsibleHeaderProject.app/$(BUNDLE_EXECUTABLE_FOLDER_PATH)/CollapsibleHeaderProject";
			};
			name = Release;
		};
		CA62F00E2D59386200568F9C /* Debug */ = {
			isa = XCBuildConfiguration;
			buildSettings = {
				CODE_SIGN_STYLE = Automatic;
				CURRENT_PROJECT_VERSION = 1;
				DEVELOPMENT_TEAM = UW69ZFFDZJ;
				GENERATE_INFOPLIST_FILE = YES;
				MARKETING_VERSION = 1.0;
				PRODUCT_BUNDLE_IDENTIFIER = com.studeapps.CollapsibleHeaderProjectUITests;
				PRODUCT_NAME = "$(TARGET_NAME)";
				SWIFT_EMIT_LOC_STRINGS = NO;
				SWIFT_VERSION = 5.0;
				TARGETED_DEVICE_FAMILY = "1,2";
				TEST_TARGET_NAME = CollapsibleHeaderProject;
			};
			name = Debug;
		};
		CA62F00F2D59386200568F9C /* Release */ = {
			isa = XCBuildConfiguration;
			buildSettings = {
				CODE_SIGN_STYLE = Automatic;
				CURRENT_PROJECT_VERSION = 1;
				DEVELOPMENT_TEAM = UW69ZFFDZJ;
				GENERATE_INFOPLIST_FILE = YES;
				MARKETING_VERSION = 1.0;
				PRODUCT_BUNDLE_IDENTIFIER = com.studeapps.CollapsibleHeaderProjectUITests;
				PRODUCT_NAME = "$(TARGET_NAME)";
				SWIFT_EMIT_LOC_STRINGS = NO;
				SWIFT_VERSION = 5.0;
				TARGETED_DEVICE_FAMILY = "1,2";
				TEST_TARGET_NAME = CollapsibleHeaderProject;
			};
			name = Release;
		};
/* End XCBuildConfiguration section */

/* Begin XCConfigurationList section */
		CA62EFD72D59386100568F9C /* Build configuration list for PBXProject "CollapsibleHeaderProject" */ = {
			isa = XCConfigurationList;
			buildConfigurations = (
				CA62F0082D59386200568F9C /* Debug */,
				CA62F0092D59386200568F9C /* Release */,
			);
			defaultConfigurationIsVisible = 0;
			defaultConfigurationName = Release;
		};
		CA62F0052D59386200568F9C /* Build configuration list for PBXNativeTarget "CollapsibleHeaderProject" */ = {
			isa = XCConfigurationList;
			buildConfigurations = (
				CA62F0062D59386200568F9C /* Debug */,
				CA62F0072D59386200568F9C /* Release */,
			);
			defaultConfigurationIsVisible = 0;
			defaultConfigurationName = Release;
		};
		CA62F00A2D59386200568F9C /* Build configuration list for PBXNativeTarget "CollapsibleHeaderProjectTests" */ = {
			isa = XCConfigurationList;
			buildConfigurations = (
				CA62F00B2D59386200568F9C /* Debug */,
				CA62F00C2D59386200568F9C /* Release */,
			);
			defaultConfigurationIsVisible = 0;
			defaultConfigurationName = Release;
		};
		CA62F00D2D59386200568F9C /* Build configuration list for PBXNativeTarget "CollapsibleHeaderProjectUITests" */ = {
			isa = XCConfigurationList;
			buildConfigurations = (
				CA62F00E2D59386200568F9C /* Debug */,
				CA62F00F2D59386200568F9C /* Release */,
			);
			defaultConfigurationIsVisible = 0;
			defaultConfigurationName = Release;
		};
/* End XCConfigurationList section */
	};
	rootObject = CA62EFD42D59386100568F9C /* Project object */;
}
