// !$*UTF8*$!
{
	archiveVersion = 1;
	classes = {
	};
	objectVersion = 77;
	objects = {

/* Begin PBXContainerItemProxy section */
		CAD627D42E7ED4AE009ED3A7 /* PBXContainerItemProxy */ = {
			isa = PBXContainerItemProxy;
			containerPortal = CAD627B52E7ED4AD009ED3A7 /* Project object */;
			proxyType = 1;
			remoteGlobalIDString = CAD627BC2E7ED4AD009ED3A7;
			remoteInfo = AutoFillProject;
		};
		CAD627DE2E7ED4AE009ED3A7 /* PBXContainerItemProxy */ = {
			isa = PBXContainerItemProxy;
			containerPortal = CAD627B52E7ED4AD009ED3A7 /* Project object */;
			proxyType = 1;
			remoteGlobalIDString = CAD627BC2E7ED4AD009ED3A7;
			remoteInfo = AutoFillProject;
		};
/* End PBXContainerItemProxy section */

/* Begin PBXFileReference section */
		CAD627BD2E7ED4AD009ED3A7 /* AutoFillProject.app */ = {isa = PBXFileReference; explicitFileType = wrapper.application; includeInIndex = 0; path = AutoFillProject.app; sourceTree = BUILT_PRODUCTS_DIR; };
		CAD627D32E7ED4AE009ED3A7 /* AutoFillProjectTests.xctest */ = {isa = PBXFileReference; explicitFileType = wrapper.cfbundle; includeInIndex = 0; path = AutoFillProjectTests.xctest; sourceTree = BUILT_PRODUCTS_DIR; };
		CAD627DD2E7ED4AE009ED3A7 /* AutoFillProjectUITests.xctest */ = {isa = PBXFileReference; explicitFileType = wrapper.cfbundle; includeInIndex = 0; path = AutoFillProjectUITests.xctest; sourceTree = BUILT_PRODUCTS_DIR; };
/* End PBXFileReference section */

/* Begin PBXFileSystemSynchronizedBuildFileExceptionSet section */
		CAD627E52E7ED4AE009ED3A7 /* Exceptions for "AutoFillProject" folder in "AutoFillProject" target */ = {
			isa = PBXFileSystemSynchronizedBuildFileExceptionSet;
			membershipExceptions = (
				Info.plist,
			);
			target = CAD627BC2E7ED4AD009ED3A7 /* AutoFillProject */;
		};
/* End PBXFileSystemSynchronizedBuildFileExceptionSet section */

/* Begin PBXFileSystemSynchronizedRootGroup section */
		CAD627BF2E7ED4AD009ED3A7 /* AutoFillProject */ = {
			isa = PBXFileSystemSynchronizedRootGroup;
			exceptions = (
				CAD627E52E7ED4AE009ED3A7 /* Exceptions for "AutoFillProject" folder in "AutoFillProject" target */,
			);
			path = AutoFillProject;
			sourceTree = "<group>";
		};
		CAD627D62E7ED4AE009ED3A7 /* AutoFillProjectTests */ = {
			isa = PBXFileSystemSynchronizedRootGroup;
			path = AutoFillProjectTests;
			sourceTree = "<group>";
		};
		CAD627E02E7ED4AE009ED3A7 /* AutoFillProjectUITests */ = {
			isa = PBXFileSystemSynchronizedRootGroup;
			path = AutoFillProjectUITests;
			sourceTree = "<group>";
		};
/* End PBXFileSystemSynchronizedRootGroup section */

/* Begin PBXFrameworksBuildPhase section */
		CAD627BA2E7ED4AD009ED3A7 /* Frameworks */ = {
			isa = PBXFrameworksBuildPhase;
			buildActionMask = 2147483647;
			files = (
			);
			runOnlyForDeploymentPostprocessing = 0;
		};
		CAD627D02E7ED4AE009ED3A7 /* Frameworks */ = {
			isa = PBXFrameworksBuildPhase;
			buildActionMask = 2147483647;
			files = (
			);
			runOnlyForDeploymentPostprocessing = 0;
		};
		CAD627DA2E7ED4AE009ED3A7 /* Frameworks */ = {
			isa = PBXFrameworksBuildPhase;
			buildActionMask = 2147483647;
			files = (
			);
			runOnlyForDeploymentPostprocessing = 0;
		};
/* End PBXFrameworksBuildPhase section */

/* Begin PBXGroup section */
		CAD627B42E7ED4AD009ED3A7 = {
			isa = PBXGroup;
			children = (
				CAD627BF2E7ED4AD009ED3A7 /* AutoFillProject */,
				CAD627D62E7ED4AE009ED3A7 /* AutoFillProjectTests */,
				CAD627E02E7ED4AE009ED3A7 /* AutoFillProjectUITests */,
				CAD627BE2E7ED4AD009ED3A7 /* Products */,
			);
			sourceTree = "<group>";
		};
		CAD627BE2E7ED4AD009ED3A7 /* Products */ = {
			isa = PBXGroup;
			children = (
				CAD627BD2E7ED4AD009ED3A7 /* AutoFillProject.app */,
				CAD627D32E7ED4AE009ED3A7 /* AutoFillProjectTests.xctest */,
				CAD627DD2E7ED4AE009ED3A7 /* AutoFillProjectUITests.xctest */,
			);
			name = Products;
			sourceTree = "<group>";
		};
/* End PBXGroup section */

/* Begin PBXNativeTarget section */
		CAD627BC2E7ED4AD009ED3A7 /* AutoFillProject */ = {
			isa = PBXNativeTarget;
			buildConfigurationList = CAD627E62E7ED4AE009ED3A7 /* Build configuration list for PBXNativeTarget "AutoFillProject" */;
			buildPhases = (
				CAD627B92E7ED4AD009ED3A7 /* Sources */,
				CAD627BA2E7ED4AD009ED3A7 /* Frameworks */,
				CAD627BB2E7ED4AD009ED3A7 /* Resources */,
			);
			buildRules = (
			);
			dependencies = (
			);
			fileSystemSynchronizedGroups = (
				CAD627BF2E7ED4AD009ED3A7 /* AutoFillProject */,
			);
			name = AutoFillProject;
			packageProductDependencies = (
			);
			productName = AutoFillProject;
			productReference = CAD627BD2E7ED4AD009ED3A7 /* AutoFillProject.app */;
			productType = "com.apple.product-type.application";
		};
		CAD627D22E7ED4AE009ED3A7 /* AutoFillProjectTests */ = {
			isa = PBXNativeTarget;
			buildConfigurationList = CAD627EB2E7ED4AE009ED3A7 /* Build configuration list for PBXNativeTarget "AutoFillProjectTests" */;
			buildPhases = (
				CAD627CF2E7ED4AE009ED3A7 /* Sources */,
				CAD627D02E7ED4AE009ED3A7 /* Frameworks */,
				CAD627D12E7ED4AE009ED3A7 /* Resources */,
			);
			buildRules = (
			);
			dependencies = (
				CAD627D52E7ED4AE009ED3A7 /* PBXTargetDependency */,
			);
			fileSystemSynchronizedGroups = (
				CAD627D62E7ED4AE009ED3A7 /* AutoFillProjectTests */,
			);
			name = AutoFillProjectTests;
			packageProductDependencies = (
			);
			productName = AutoFillProjectTests;
			productReference = CAD627D32E7ED4AE009ED3A7 /* AutoFillProjectTests.xctest */;
			productType = "com.apple.product-type.bundle.unit-test";
		};
		CAD627DC2E7ED4AE009ED3A7 /* AutoFillProjectUITests */ = {
			isa = PBXNativeTarget;
			buildConfigurationList = CAD627EE2E7ED4AE009ED3A7 /* Build configuration list for PBXNativeTarget "AutoFillProjectUITests" */;
			buildPhases = (
				CAD627D92E7ED4AE009ED3A7 /* Sources */,
				CAD627DA2E7ED4AE009ED3A7 /* Frameworks */,
				CAD627DB2E7ED4AE009ED3A7 /* Resources */,
			);
			buildRules = (
			);
			dependencies = (
				CAD627DF2E7ED4AE009ED3A7 /* PBXTargetDependency */,
			);
			fileSystemSynchronizedGroups = (
				CAD627E02E7ED4AE009ED3A7 /* AutoFillProjectUITests */,
			);
			name = AutoFillProjectUITests;
			packageProductDependencies = (
			);
			productName = AutoFillProjectUITests;
			productReference = CAD627DD2E7ED4AE009ED3A7 /* AutoFillProjectUITests.xctest */;
			productType = "com.apple.product-type.bundle.ui-testing";
		};
/* End PBXNativeTarget section */

/* Begin PBXProject section */
		CAD627B52E7ED4AD009ED3A7 /* Project object */ = {
			isa = PBXProject;
			attributes = {
				BuildIndependentTargetsInParallel = 1;
				LastSwiftUpdateCheck = 2600;
				LastUpgradeCheck = 2600;
				TargetAttributes = {
					CAD627BC2E7ED4AD009ED3A7 = {
						CreatedOnToolsVersion = 26.0;
					};
					CAD627D22E7ED4AE009ED3A7 = {
						CreatedOnToolsVersion = 26.0;
						TestTargetID = CAD627BC2E7ED4AD009ED3A7;
					};
					CAD627DC2E7ED4AE009ED3A7 = {
						CreatedOnToolsVersion = 26.0;
						TestTargetID = CAD627BC2E7ED4AD009ED3A7;
					};
				};
			};
			buildConfigurationList = CAD627B82E7ED4AD009ED3A7 /* Build configuration list for PBXProject "AutoFillProject" */;
			developmentRegion = en;
			hasScannedForEncodings = 0;
			knownRegions = (
				en,
				Base,
			);
			mainGroup = CAD627B42E7ED4AD009ED3A7;
			minimizedProjectReferenceProxies = 1;
			preferredProjectObjectVersion = 77;
			productRefGroup = CAD627BE2E7ED4AD009ED3A7 /* Products */;
			projectDirPath = "";
			projectRoot = "";
			targets = (
				CAD627BC2E7ED4AD009ED3A7 /* AutoFillProject */,
				CAD627D22E7ED4AE009ED3A7 /* AutoFillProjectTests */,
				CAD627DC2E7ED4AE009ED3A7 /* AutoFillProjectUITests */,
			);
		};
/* End PBXProject section */

/* Begin PBXResourcesBuildPhase section */
		CAD627BB2E7ED4AD009ED3A7 /* Resources */ = {
			isa = PBXResourcesBuildPhase;
			buildActionMask = 2147483647;
			files = (
			);
			runOnlyForDeploymentPostprocessing = 0;
		};
		CAD627D12E7ED4AE009ED3A7 /* Resources */ = {
			isa = PBXResourcesBuildPhase;
			buildActionMask = 2147483647;
			files = (
			);
			runOnlyForDeploymentPostprocessing = 0;
		};
		CAD627DB2E7ED4AE009ED3A7 /* Resources */ = {
			isa = PBXResourcesBuildPhase;
			buildActionMask = 2147483647;
			files = (
			);
			runOnlyForDeploymentPostprocessing = 0;
		};
/* End PBXResourcesBuildPhase section */

/* Begin PBXSourcesBuildPhase section */
		CAD627B92E7ED4AD009ED3A7 /* Sources */ = {
			isa = PBXSourcesBuildPhase;
			buildActionMask = 2147483647;
			files = (
			);
			runOnlyForDeploymentPostprocessing = 0;
		};
		CAD627CF2E7ED4AE009ED3A7 /* Sources */ = {
			isa = PBXSourcesBuildPhase;
			buildActionMask = 2147483647;
			files = (
			);
			runOnlyForDeploymentPostprocessing = 0;
		};
		CAD627D92E7ED4AE009ED3A7 /* Sources */ = {
			isa = PBXSourcesBuildPhase;
			buildActionMask = 2147483647;
			files = (
			);
			runOnlyForDeploymentPostprocessing = 0;
		};
/* End PBXSourcesBuildPhase section */

/* Begin PBXTargetDependency section */
		CAD627D52E7ED4AE009ED3A7 /* PBXTargetDependency */ = {
			isa = PBXTargetDependency;
			target = CAD627BC2E7ED4AD009ED3A7 /* AutoFillProject */;
			targetProxy = CAD627D42E7ED4AE009ED3A7 /* PBXContainerItemProxy */;
		};
		CAD627DF2E7ED4AE009ED3A7 /* PBXTargetDependency */ = {
			isa = PBXTargetDependency;
			target = CAD627BC2E7ED4AD009ED3A7 /* AutoFillProject */;
			targetProxy = CAD627DE2E7ED4AE009ED3A7 /* PBXContainerItemProxy */;
		};
/* End PBXTargetDependency section */

/* Begin XCBuildConfiguration section */
		CAD627E72E7ED4AE009ED3A7 /* Debug */ = {
			isa = XCBuildConfiguration;
			buildSettings = {
				ASSETCATALOG_COMPILER_APPICON_NAME = AppIcon;
				ASSETCATALOG_COMPILER_GLOBAL_ACCENT_COLOR_NAME = AccentColor;
				CODE_SIGN_STYLE = Automatic;
				CURRENT_PROJECT_VERSION = 1;
				DEVELOPMENT_TEAM = UW69ZFFDZJ;
				GENERATE_INFOPLIST_FILE = YES;
				INFOPLIST_FILE = AutoFillProject/Info.plist;
				INFOPLIST_KEY_UIApplicationSupportsIndirectInputEvents = YES;
				INFOPLIST_KEY_UILaunchStoryboardName = LaunchScreen;
				INFOPLIST_KEY_UIMainStoryboardFile = Main;
				INFOPLIST_KEY_UISupportedInterfaceOrientations_iPad = "UIInterfaceOrientationPortrait UIInterfaceOrientationPortraitUpsideDown UIInterfaceOrientationLandscapeLeft UIInterfaceOrientationLandscapeRight";
				INFOPLIST_KEY_UISupportedInterfaceOrientations_iPhone = "UIInterfaceOrientationPortrait UIInterfaceOrientationLandscapeLeft UIInterfaceOrientationLandscapeRight";
				LD_RUNPATH_SEARCH_PATHS = (
					"$(inherited)",
					"@executable_path/Frameworks",
				);
				MARKETING_VERSION = 1.0;
				PRODUCT_BUNDLE_IDENTIFIER = com.studeapps.AutoFillProject;
				PRODUCT_NAME = "$(TARGET_NAME)";
				STRING_CATALOG_GENERATE_SYMBOLS = YES;
				SWIFT_APPROACHABLE_CONCURRENCY = YES;
				SWIFT_DEFAULT_ACTOR_ISOLATION = MainActor;
				SWIFT_EMIT_LOC_STRINGS = YES;
				SWIFT_UPCOMING_FEATURE_MEMBER_IMPORT_VISIBILITY = YES;
				SWIFT_VERSION = 5.0;
				TARGETED_DEVICE_FAMILY = "1,2";
			};
			name = Debug;
		};
		CAD627E82E7ED4AE009ED3A7 /* Release */ = {
			isa = XCBuildConfiguration;
			buildSettings = {
				ASSETCATALOG_COMPILER_APPICON_NAME = AppIcon;
				ASSETCATALOG_COMPILER_GLOBAL_ACCENT_COLOR_NAME = AccentColor;
				CODE_SIGN_STYLE = Automatic;
				CURRENT_PROJECT_VERSION = 1;
				DEVELOPMENT_TEAM = UW69ZFFDZJ;
				GENERATE_INFOPLIST_FILE = YES;
				INFOPLIST_FILE = AutoFillProject/Info.plist;
				INFOPLIST_KEY_UIApplicationSupportsIndirectInputEvents = YES;
				INFOPLIST_KEY_UILaunchStoryboardName = LaunchScreen;
				INFOPLIST_KEY_UIMainStoryboardFile = Main;
				INFOPLIST_KEY_UISupportedInterfaceOrientations_iPad = "UIInterfaceOrientationPortrait UIInterfaceOrientationPortraitUpsideDown UIInterfaceOrientationLandscapeLeft UIInterfaceOrientationLandscapeRight";
				INFOPLIST_KEY_UISupportedInterfaceOrientations_iPhone = "UIInterfaceOrientationPortrait UIInterfaceOrientationLandscapeLeft UIInterfaceOrientationLandscapeRight";
				LD_RUNPATH_SEARCH_PATHS = (
					"$(inherited)",
					"@executable_path/Frameworks",
				);
				MARKETING_VERSION = 1.0;
				PRODUCT_BUNDLE_IDENTIFIER = com.studeapps.AutoFillProject;
				PRODUCT_NAME = "$(TARGET_NAME)";
				STRING_CATALOG_GENERATE_SYMBOLS = YES;
				SWIFT_APPROACHABLE_CONCURRENCY = YES;
				SWIFT_DEFAULT_ACTOR_ISOLATION = MainActor;
				SWIFT_EMIT_LOC_STRINGS = YES;
				SWIFT_UPCOMING_FEATURE_MEMBER_IMPORT_VISIBILITY = YES;
				SWIFT_VERSION = 5.0;
				TARGETED_DEVICE_FAMILY = "1,2";
			};
			name = Release;
		};
		CAD627E92E7ED4AE009ED3A7 /* Debug */ = {
			isa = XCBuildConfiguration;
			buildSettings = {
				ALWAYS_SEARCH_USER_PATHS = NO;
				ASSETCATALOG_COMPILER_GENERATE_SWIFT_ASSET_SYMBOL_EXTENSIONS = YES;
				CLANG_ANALYZER_NONNULL = YES;
				CLANG_ANALYZER_NUMBER_OBJECT_CONVERSION = YES_AGGRESSIVE;
				CLANG_CXX_LANGUAGE_STANDARD = "gnu++20";
				CLANG_ENABLE_MODULES = YES;
				CLANG_ENABLE_OBJC_ARC = YES;
				CLANG_ENABLE_OBJC_WEAK = YES;
				CLANG_WARN_BLOCK_CAPTURE_AUTORELEASING = YES;
				CLANG_WARN_BOOL_CONVERSION = YES;
				CLANG_WARN_COMMA = YES;
				CLANG_WARN_CONSTANT_CONVERSION = YES;
				CLANG_WARN_DEPRECATED_OBJC_IMPLEMENTATIONS = YES;
				CLANG_WARN_DIRECT_OBJC_ISA_USAGE = YES_ERROR;
				CLANG_WARN_DOCUMENTATION_COMMENTS = YES;
				CLANG_WARN_EMPTY_BODY = YES;
				CLANG_WARN_ENUM_CONVERSION = YES;
				CLANG_WARN_INFINITE_RECURSION = YES;
				CLANG_WARN_INT_CONVERSION = YES;
				CLANG_WARN_NON_LITERAL_NULL_CONVERSION = YES;
				CLANG_WARN_OBJC_IMPLICIT_RETAIN_SELF = YES;
				CLANG_WARN_OBJC_LITERAL_CONVERSION = YES;
				CLANG_WARN_OBJC_ROOT_CLASS = YES_ERROR;
				CLANG_WARN_QUOTED_INCLUDE_IN_FRAMEWORK_HEADER = YES;
				CLANG_WARN_RANGE_LOOP_ANALYSIS = YES;
				CLANG_WARN_STRICT_PROTOTYPES = YES;
				CLANG_WARN_SUSPICIOUS_MOVE = YES;
				CLANG_WARN_UNGUARDED_AVAILABILITY = YES_AGGRESSIVE;
				CLANG_WARN_UNREACHABLE_CODE = YES;
				CLANG_WARN__DUPLICATE_METHOD_MATCH = YES;
				COPY_PHASE_STRIP = NO;
				DEBUG_INFORMATION_FORMAT = dwarf;
				DEVELOPMENT_TEAM = UW69ZFFDZJ;
				ENABLE_STRICT_OBJC_MSGSEND = YES;
				ENABLE_TESTABILITY = YES;
				ENABLE_USER_SCRIPT_SANDBOXING = YES;
				GCC_C_LANGUAGE_STANDARD = gnu17;
				GCC_DYNAMIC_NO_PIC = NO;
				GCC_NO_COMMON_BLOCKS = YES;
				GCC_OPTIMIZATION_LEVEL = 0;
				GCC_PREPROCESSOR_DEFINITIONS = (
					"DEBUG=1",
					"$(inherited)",
				);
				GCC_WARN_64_TO_32_BIT_CONVERSION = YES;
				GCC_WARN_ABOUT_RETURN_TYPE = YES_ERROR;
				GCC_WARN_UNDECLARED_SELECTOR = YES;
				GCC_WARN_UNINITIALIZED_AUTOS = YES_AGGRESSIVE;
				GCC_WARN_UNUSED_FUNCTION = YES;
				GCC_WARN_UNUSED_VARIABLE = YES;
				IPHONEOS_DEPLOYMENT_TARGET = 26.0;
				LOCALIZATION_PREFERS_STRING_CATALOGS = YES;
				MTL_ENABLE_DEBUG_INFO = INCLUDE_SOURCE;
				MTL_FAST_MATH = YES;
				ONLY_ACTIVE_ARCH = YES;
				SDKROOT = iphoneos;
				SWIFT_ACTIVE_COMPILATION_CONDITIONS = "DEBUG $(inherited)";
				SWIFT_OPTIMIZATION_LEVEL = "-Onone";
			};
			name = Debug;
		};
		CAD627EA2E7ED4AE009ED3A7 /* Release */ = {
			isa = XCBuildConfiguration;
			buildSettings = {
				ALWAYS_SEARCH_USER_PATHS = NO;
				ASSETCATALOG_COMPILER_GENERATE_SWIFT_ASSET_SYMBOL_EXTENSIONS = YES;
				CLANG_ANALYZER_NONNULL = YES;
				CLANG_ANALYZER_NUMBER_OBJECT_CONVERSION = YES_AGGRESSIVE;
				CLANG_CXX_LANGUAGE_STANDARD = "gnu++20";
				CLANG_ENABLE_MODULES = YES;
				CLANG_ENABLE_OBJC_ARC = YES;
				CLANG_ENABLE_OBJC_WEAK = YES;
				CLANG_WARN_BLOCK_CAPTURE_AUTORELEASING = YES;
				CLANG_WARN_BOOL_CONVERSION = YES;
				CLANG_WARN_COMMA = YES;
				CLANG_WARN_CONSTANT_CONVERSION = YES;
				CLANG_WARN_DEPRECATED_OBJC_IMPLEMENTATIONS = YES;
				CLANG_WARN_DIRECT_OBJC_ISA_USAGE = YES_ERROR;
				CLANG_WARN_DOCUMENTATION_COMMENTS = YES;
				CLANG_WARN_EMPTY_BODY = YES;
				CLANG_WARN_ENUM_CONVERSION = YES;
				CLANG_WARN_INFINITE_RECURSION = YES;
				CLANG_WARN_INT_CONVERSION = YES;
				CLANG_WARN_NON_LITERAL_NULL_CONVERSION = YES;
				CLANG_WARN_OBJC_IMPLICIT_RETAIN_SELF = YES;
				CLANG_WARN_OBJC_LITERAL_CONVERSION = YES;
				CLANG_WARN_OBJC_ROOT_CLASS = YES_ERROR;
				CLANG_WARN_QUOTED_INCLUDE_IN_FRAMEWORK_HEADER = YES;
				CLANG_WARN_RANGE_LOOP_ANALYSIS = YES;
				CLANG_WARN_STRICT_PROTOTYPES = YES;
				CLANG_WARN_SUSPICIOUS_MOVE = YES;
				CLANG_WARN_UNGUARDED_AVAILABILITY = YES_AGGRESSIVE;
				CLANG_WARN_UNREACHABLE_CODE = YES;
				CLANG_WARN__DUPLICATE_METHOD_MATCH = YES;
				COPY_PHASE_STRIP = NO;
				DEBUG_INFORMATION_FORMAT = "dwarf-with-dsym";
				DEVELOPMENT_TEAM = UW69ZFFDZJ;
				ENABLE_NS_ASSERTIONS = NO;
				ENABLE_STRICT_OBJC_MSGSEND = YES;
				ENABLE_USER_SCRIPT_SANDBOXING = YES;
				GCC_C_LANGUAGE_STANDARD = gnu17;
				GCC_NO_COMMON_BLOCKS = YES;
				GCC_WARN_64_TO_32_BIT_CONVERSION = YES;
				GCC_WARN_ABOUT_RETURN_TYPE = YES_ERROR;
				GCC_WARN_UNDECLARED_SELECTOR = YES;
				GCC_WARN_UNINITIALIZED_AUTOS = YES_AGGRESSIVE;
				GCC_WARN_UNUSED_FUNCTION = YES;
				GCC_WARN_UNUSED_VARIABLE = YES;
				IPHONEOS_DEPLOYMENT_TARGET = 26.0;
				LOCALIZATION_PREFERS_STRING_CATALOGS = YES;
				MTL_ENABLE_DEBUG_INFO = NO;
				MTL_FAST_MATH = YES;
				SDKROOT = iphoneos;
				SWIFT_COMPILATION_MODE = wholemodule;
				VALIDATE_PRODUCT = YES;
			};
			name = Release;
		};
		CAD627EC2E7ED4AE009ED3A7 /* Debug */ = {
			isa = XCBuildConfiguration;
			buildSettings = {
				BUNDLE_LOADER = "$(TEST_HOST)";
				CODE_SIGN_STYLE = Automatic;
				CURRENT_PROJECT_VERSION = 1;
				DEVELOPMENT_TEAM = UW69ZFFDZJ;
				GENERATE_INFOPLIST_FILE = YES;
				IPHONEOS_DEPLOYMENT_TARGET = 26.0;
				MARKETING_VERSION = 1.0;
				PRODUCT_BUNDLE_IDENTIFIER = com.studeapps.AutoFillProjectTests;
				PRODUCT_NAME = "$(TARGET_NAME)";
				STRING_CATALOG_GENERATE_SYMBOLS = NO;
				SWIFT_APPROACHABLE_CONCURRENCY = YES;
				SWIFT_EMIT_LOC_STRINGS = NO;
				SWIFT_UPCOMING_FEATURE_MEMBER_IMPORT_VISIBILITY = YES;
				SWIFT_VERSION = 5.0;
				TARGETED_DEVICE_FAMILY = "1,2";
				TEST_HOST = "$(BUILT_PRODUCTS_DIR)/AutoFillProject.app/$(BUNDLE_EXECUTABLE_FOLDER_PATH)/AutoFillProject";
			};
			name = Debug;
		};
		CAD627ED2E7ED4AE009ED3A7 /* Release */ = {
			isa = XCBuildConfiguration;
			buildSettings = {
				BUNDLE_LOADER = "$(TEST_HOST)";
				CODE_SIGN_STYLE = Automatic;
				CURRENT_PROJECT_VERSION = 1;
				DEVELOPMENT_TEAM = UW69ZFFDZJ;
				GENERATE_INFOPLIST_FILE = YES;
				IPHONEOS_DEPLOYMENT_TARGET = 26.0;
				MARKETING_VERSION = 1.0;
				PRODUCT_BUNDLE_IDENTIFIER = com.studeapps.AutoFillProjectTests;
				PRODUCT_NAME = "$(TARGET_NAME)";
				STRING_CATALOG_GENERATE_SYMBOLS = NO;
				SWIFT_APPROACHABLE_CONCURRENCY = YES;
				SWIFT_EMIT_LOC_STRINGS = NO;
				SWIFT_UPCOMING_FEATURE_MEMBER_IMPORT_VISIBILITY = YES;
				SWIFT_VERSION = 5.0;
				TARGETED_DEVICE_FAMILY = "1,2";
				TEST_HOST = "$(BUILT_PRODUCTS_DIR)/AutoFillProject.app/$(BUNDLE_EXECUTABLE_FOLDER_PATH)/AutoFillProject";
			};
			name = Release;
		};
		CAD627EF2E7ED4AE009ED3A7 /* Debug */ = {
			isa = XCBuildConfiguration;
			buildSettings = {
				CODE_SIGN_STYLE = Automatic;
				CURRENT_PROJECT_VERSION = 1;
				DEVELOPMENT_TEAM = UW69ZFFDZJ;
				GENERATE_INFOPLIST_FILE = YES;
				MARKETING_VERSION = 1.0;
				PRODUCT_BUNDLE_IDENTIFIER = com.studeapps.AutoFillProjectUITests;
				PRODUCT_NAME = "$(TARGET_NAME)";
				STRING_CATALOG_GENERATE_SYMBOLS = NO;
				SWIFT_APPROACHABLE_CONCURRENCY = YES;
				SWIFT_EMIT_LOC_STRINGS = NO;
				SWIFT_UPCOMING_FEATURE_MEMBER_IMPORT_VISIBILITY = YES;
				SWIFT_VERSION = 5.0;
				TARGETED_DEVICE_FAMILY = "1,2";
				TEST_TARGET_NAME = AutoFillProject;
			};
			name = Debug;
		};
		CAD627F02E7ED4AE009ED3A7 /* Release */ = {
			isa = XCBuildConfiguration;
			buildSettings = {
				CODE_SIGN_STYLE = Automatic;
				CURRENT_PROJECT_VERSION = 1;
				DEVELOPMENT_TEAM = UW69ZFFDZJ;
				GENERATE_INFOPLIST_FILE = YES;
				MARKETING_VERSION = 1.0;
				PRODUCT_BUNDLE_IDENTIFIER = com.studeapps.AutoFillProjectUITests;
				PRODUCT_NAME = "$(TARGET_NAME)";
				STRING_CATALOG_GENERATE_SYMBOLS = NO;
				SWIFT_APPROACHABLE_CONCURRENCY = YES;
				SWIFT_EMIT_LOC_STRINGS = NO;
				SWIFT_UPCOMING_FEATURE_MEMBER_IMPORT_VISIBILITY = YES;
				SWIFT_VERSION = 5.0;
				TARGETED_DEVICE_FAMILY = "1,2";
				TEST_TARGET_NAME = AutoFillProject;
			};
			name = Release;
		};
/* End XCBuildConfiguration section */

/* Begin XCConfigurationList section */
		CAD627B82E7ED4AD009ED3A7 /* Build configuration list for PBXProject "AutoFillProject" */ = {
			isa = XCConfigurationList;
			buildConfigurations = (
				CAD627E92E7ED4AE009ED3A7 /* Debug */,
				CAD627EA2E7ED4AE009ED3A7 /* Release */,
			);
			defaultConfigurationIsVisible = 0;
			defaultConfigurationName = Release;
		};
		CAD627E62E7ED4AE009ED3A7 /* Build configuration list for PBXNativeTarget "AutoFillProject" */ = {
			isa = XCConfigurationList;
			buildConfigurations = (
				CAD627E72E7ED4AE009ED3A7 /* Debug */,
				CAD627E82E7ED4AE009ED3A7 /* Release */,
			);
			defaultConfigurationIsVisible = 0;
			defaultConfigurationName = Release;
		};
		CAD627EB2E7ED4AE009ED3A7 /* Build configuration list for PBXNativeTarget "AutoFillProjectTests" */ = {
			isa = XCConfigurationList;
			buildConfigurations = (
				CAD627EC2E7ED4AE009ED3A7 /* Debug */,
				CAD627ED2E7ED4AE009ED3A7 /* Release */,
			);
			defaultConfigurationIsVisible = 0;
			defaultConfigurationName = Release;
		};
		CAD627EE2E7ED4AE009ED3A7 /* Build configuration list for PBXNativeTarget "AutoFillProjectUITests" */ = {
			isa = XCConfigurationList;
			buildConfigurations = (
				CAD627EF2E7ED4AE009ED3A7 /* Debug */,
				CAD627F02E7ED4AE009ED3A7 /* Release */,
			);
			defaultConfigurationIsVisible = 0;
			defaultConfigurationName = Release;
		};
/* End XCConfigurationList section */
	};
	rootObject = CAD627B52E7ED4AD009ED3A7 /* Project object */;
}
