// !$*UTF8*$!
{
	archiveVersion = 1;
	classes = {
	};
	objectVersion = 56;
	objects = {

/* Begin PBXBuildFile section */
		CA7B90BC2C82098C00D02741 /* StarWarsAPIApp.swift in Sources */ = {isa = PBXBuildFile; fileRef = CA7B90BB2C82098C00D02741 /* StarWarsAPIApp.swift */; };
		CA7B90BE2C82098C00D02741 /* PeopleView.swift in Sources */ = {isa = PBXBuildFile; fileRef = CA7B90BD2C82098C00D02741 /* PeopleView.swift */; };
		CA7B90C02C82098D00D02741 /* Assets.xcassets in Resources */ = {isa = PBXBuildFile; fileRef = CA7B90BF2C82098D00D02741 /* Assets.xcassets */; };
		CA7B90C32C82098D00D02741 /* Preview Assets.xcassets in Resources */ = {isa = PBXBuildFile; fileRef = CA7B90C22C82098D00D02741 /* Preview Assets.xcassets */; };
		CA7B90CD2C82098D00D02741 /* StarWarsAPITests.swift in Sources */ = {isa = PBXBuildFile; fileRef = CA7B90CC2C82098D00D02741 /* StarWarsAPITests.swift */; };
		CA7B90D72C82098D00D02741 /* StarWarsAPIUITests.swift in Sources */ = {isa = PBXBuildFile; fileRef = CA7B90D62C82098D00D02741 /* StarWarsAPIUITests.swift */; };
		CA7B90D92C82098D00D02741 /* StarWarsAPIUITestsLaunchTests.swift in Sources */ = {isa = PBXBuildFile; fileRef = CA7B90D82C82098D00D02741 /* StarWarsAPIUITestsLaunchTests.swift */; };
		CA7B90E62C82184C00D02741 /* ViewModelTests.swift in Sources */ = {isa = PBXBuildFile; fileRef = CA7B90E52C82184C00D02741 /* ViewModelTests.swift */; };
		CA8B504F2C85D48000993AF3 /* NetworkClient in Frameworks */ = {isa = PBXBuildFile; productRef = CA8B504E2C85D48000993AF3 /* NetworkClient */; };
/* End PBXBuildFile section */

/* Begin PBXContainerItemProxy section */
		CA7B90C92C82098D00D02741 /* PBXContainerItemProxy */ = {
			isa = PBXContainerItemProxy;
			containerPortal = CA7B90B02C82098C00D02741 /* Project object */;
			proxyType = 1;
			remoteGlobalIDString = CA7B90B72C82098C00D02741;
			remoteInfo = StarWarsAPI;
		};
		CA7B90D32C82098D00D02741 /* PBXContainerItemProxy */ = {
			isa = PBXContainerItemProxy;
			containerPortal = CA7B90B02C82098C00D02741 /* Project object */;
			proxyType = 1;
			remoteGlobalIDString = CA7B90B72C82098C00D02741;
			remoteInfo = StarWarsAPI;
		};
/* End PBXContainerItemProxy section */

/* Begin PBXFileReference section */
		CA7B90B82C82098C00D02741 /* StarWarsAPI.app */ = {isa = PBXFileReference; explicitFileType = wrapper.application; includeInIndex = 0; path = StarWarsAPI.app; sourceTree = BUILT_PRODUCTS_DIR; };
		CA7B90BB2C82098C00D02741 /* StarWarsAPIApp.swift */ = {isa = PBXFileReference; lastKnownFileType = sourcecode.swift; path = StarWarsAPIApp.swift; sourceTree = "<group>"; };
		CA7B90BD2C82098C00D02741 /* PeopleView.swift */ = {isa = PBXFileReference; lastKnownFileType = sourcecode.swift; path = PeopleView.swift; sourceTree = "<group>"; };
		CA7B90BF2C82098D00D02741 /* Assets.xcassets */ = {isa = PBXFileReference; lastKnownFileType = folder.assetcatalog; path = Assets.xcassets; sourceTree = "<group>"; };
		CA7B90C22C82098D00D02741 /* Preview Assets.xcassets */ = {isa = PBXFileReference; lastKnownFileType = folder.assetcatalog; path = "Preview Assets.xcassets"; sourceTree = "<group>"; };
		CA7B90C82C82098D00D02741 /* StarWarsAPITests.xctest */ = {isa = PBXFileReference; explicitFileType = wrapper.cfbundle; includeInIndex = 0; path = StarWarsAPITests.xctest; sourceTree = BUILT_PRODUCTS_DIR; };
		CA7B90CC2C82098D00D02741 /* StarWarsAPITests.swift */ = {isa = PBXFileReference; lastKnownFileType = sourcecode.swift; path = StarWarsAPITests.swift; sourceTree = "<group>"; };
		CA7B90D22C82098D00D02741 /* StarWarsAPIUITests.xctest */ = {isa = PBXFileReference; explicitFileType = wrapper.cfbundle; includeInIndex = 0; path = StarWarsAPIUITests.xctest; sourceTree = BUILT_PRODUCTS_DIR; };
		CA7B90D62C82098D00D02741 /* StarWarsAPIUITests.swift */ = {isa = PBXFileReference; lastKnownFileType = sourcecode.swift; path = StarWarsAPIUITests.swift; sourceTree = "<group>"; };
		CA7B90D82C82098D00D02741 /* StarWarsAPIUITestsLaunchTests.swift */ = {isa = PBXFileReference; lastKnownFileType = sourcecode.swift; path = StarWarsAPIUITestsLaunchTests.swift; sourceTree = "<group>"; };
		CA7B90E52C82184C00D02741 /* ViewModelTests.swift */ = {isa = PBXFileReference; lastKnownFileType = sourcecode.swift; path = ViewModelTests.swift; sourceTree = "<group>"; };
/* End PBXFileReference section */

/* Begin PBXFrameworksBuildPhase section */
		CA7B90B52C82098C00D02741 /* Frameworks */ = {
			isa = PBXFrameworksBuildPhase;
			buildActionMask = 2147483647;
			files = (
				CA8B504F2C85D48000993AF3 /* NetworkClient in Frameworks */,
			);
			runOnlyForDeploymentPostprocessing = 0;
		};
		CA7B90C52C82098D00D02741 /* Frameworks */ = {
			isa = PBXFrameworksBuildPhase;
			buildActionMask = 2147483647;
			files = (
			);
			runOnlyForDeploymentPostprocessing = 0;
		};
		CA7B90CF2C82098D00D02741 /* Frameworks */ = {
			isa = PBXFrameworksBuildPhase;
			buildActionMask = 2147483647;
			files = (
			);
			runOnlyForDeploymentPostprocessing = 0;
		};
/* End PBXFrameworksBuildPhase section */

/* Begin PBXGroup section */
		CA7B90AF2C82098C00D02741 = {
			isa = PBXGroup;
			children = (
				CA7B90BA2C82098C00D02741 /* StarWarsAPI */,
				CA7B90CB2C82098D00D02741 /* StarWarsAPITests */,
				CA7B90D52C82098D00D02741 /* StarWarsAPIUITests */,
				CA7B90B92C82098C00D02741 /* Products */,
			);
			sourceTree = "<group>";
		};
		CA7B90B92C82098C00D02741 /* Products */ = {
			isa = PBXGroup;
			children = (
				CA7B90B82C82098C00D02741 /* StarWarsAPI.app */,
				CA7B90C82C82098D00D02741 /* StarWarsAPITests.xctest */,
				CA7B90D22C82098D00D02741 /* StarWarsAPIUITests.xctest */,
			);
			name = Products;
			sourceTree = "<group>";
		};
		CA7B90BA2C82098C00D02741 /* StarWarsAPI */ = {
			isa = PBXGroup;
			children = (
				CA7B90BB2C82098C00D02741 /* StarWarsAPIApp.swift */,
				CA7B90BD2C82098C00D02741 /* PeopleView.swift */,
				CA7B90BF2C82098D00D02741 /* Assets.xcassets */,
				CA7B90C12C82098D00D02741 /* Preview Content */,
			);
			path = StarWarsAPI;
			sourceTree = "<group>";
		};
		CA7B90C12C82098D00D02741 /* Preview Content */ = {
			isa = PBXGroup;
			children = (
				CA7B90C22C82098D00D02741 /* Preview Assets.xcassets */,
			);
			path = "Preview Content";
			sourceTree = "<group>";
		};
		CA7B90CB2C82098D00D02741 /* StarWarsAPITests */ = {
			isa = PBXGroup;
			children = (
				CA7B90CC2C82098D00D02741 /* StarWarsAPITests.swift */,
				CA7B90E52C82184C00D02741 /* ViewModelTests.swift */,
			);
			path = StarWarsAPITests;
			sourceTree = "<group>";
		};
		CA7B90D52C82098D00D02741 /* StarWarsAPIUITests */ = {
			isa = PBXGroup;
			children = (
				CA7B90D62C82098D00D02741 /* StarWarsAPIUITests.swift */,
				CA7B90D82C82098D00D02741 /* StarWarsAPIUITestsLaunchTests.swift */,
			);
			path = StarWarsAPIUITests;
			sourceTree = "<group>";
		};
/* End PBXGroup section */

/* Begin PBXNativeTarget section */
		CA7B90B72C82098C00D02741 /* StarWarsAPI */ = {
			isa = PBXNativeTarget;
			buildConfigurationList = CA7B90DC2C82098D00D02741 /* Build configuration list for PBXNativeTarget "StarWarsAPI" */;
			buildPhases = (
				CA7B90B42C82098C00D02741 /* Sources */,
				CA7B90B52C82098C00D02741 /* Frameworks */,
				CA7B90B62C82098C00D02741 /* Resources */,
			);
			buildRules = (
			);
			dependencies = (
			);
			name = StarWarsAPI;
			packageProductDependencies = (
				CA8B504E2C85D48000993AF3 /* NetworkClient */,
			);
			productName = StarWarsAPI;
			productReference = CA7B90B82C82098C00D02741 /* StarWarsAPI.app */;
			productType = "com.apple.product-type.application";
		};
		CA7B90C72C82098D00D02741 /* StarWarsAPITests */ = {
			isa = PBXNativeTarget;
			buildConfigurationList = CA7B90DF2C82098D00D02741 /* Build configuration list for PBXNativeTarget "StarWarsAPITests" */;
			buildPhases = (
				CA7B90C42C82098D00D02741 /* Sources */,
				CA7B90C52C82098D00D02741 /* Frameworks */,
				CA7B90C62C82098D00D02741 /* Resources */,
			);
			buildRules = (
			);
			dependencies = (
				CA7B90CA2C82098D00D02741 /* PBXTargetDependency */,
			);
			name = StarWarsAPITests;
			productName = StarWarsAPITests;
			productReference = CA7B90C82C82098D00D02741 /* StarWarsAPITests.xctest */;
			productType = "com.apple.product-type.bundle.unit-test";
		};
		CA7B90D12C82098D00D02741 /* StarWarsAPIUITests */ = {
			isa = PBXNativeTarget;
			buildConfigurationList = CA7B90E22C82098D00D02741 /* Build configuration list for PBXNativeTarget "StarWarsAPIUITests" */;
			buildPhases = (
				CA7B90CE2C82098D00D02741 /* Sources */,
				CA7B90CF2C82098D00D02741 /* Frameworks */,
				CA7B90D02C82098D00D02741 /* Resources */,
			);
			buildRules = (
			);
			dependencies = (
				CA7B90D42C82098D00D02741 /* PBXTargetDependency */,
			);
			name = StarWarsAPIUITests;
			productName = StarWarsAPIUITests;
			productReference = CA7B90D22C82098D00D02741 /* StarWarsAPIUITests.xctest */;
			productType = "com.apple.product-type.bundle.ui-testing";
		};
/* End PBXNativeTarget section */

/* Begin PBXProject section */
		CA7B90B02C82098C00D02741 /* Project object */ = {
			isa = PBXProject;
			attributes = {
				BuildIndependentTargetsInParallel = 1;
				LastSwiftUpdateCheck = 1540;
				LastUpgradeCheck = 1540;
				TargetAttributes = {
					CA7B90B72C82098C00D02741 = {
						CreatedOnToolsVersion = 15.4;
					};
					CA7B90C72C82098D00D02741 = {
						CreatedOnToolsVersion = 15.4;
						TestTargetID = CA7B90B72C82098C00D02741;
					};
					CA7B90D12C82098D00D02741 = {
						CreatedOnToolsVersion = 15.4;
						TestTargetID = CA7B90B72C82098C00D02741;
					};
				};
			};
			buildConfigurationList = CA7B90B32C82098C00D02741 /* Build configuration list for PBXProject "StarWarsAPI" */;
			compatibilityVersion = "Xcode 14.0";
			developmentRegion = en;
			hasScannedForEncodings = 0;
			knownRegions = (
				en,
				Base,
			);
			mainGroup = CA7B90AF2C82098C00D02741;
			packageReferences = (
				CA8B504D2C85D48000993AF3 /* XCRemoteSwiftPackageReference "NetworkClient" */,
			);
			productRefGroup = CA7B90B92C82098C00D02741 /* Products */;
			projectDirPath = "";
			projectRoot = "";
			targets = (
				CA7B90B72C82098C00D02741 /* StarWarsAPI */,
				CA7B90C72C82098D00D02741 /* StarWarsAPITests */,
				CA7B90D12C82098D00D02741 /* StarWarsAPIUITests */,
			);
		};
/* End PBXProject section */

/* Begin PBXResourcesBuildPhase section */
		CA7B90B62C82098C00D02741 /* Resources */ = {
			isa = PBXResourcesBuildPhase;
			buildActionMask = 2147483647;
			files = (
				CA7B90C32C82098D00D02741 /* Preview Assets.xcassets in Resources */,
				CA7B90C02C82098D00D02741 /* Assets.xcassets in Resources */,
			);
			runOnlyForDeploymentPostprocessing = 0;
		};
		CA7B90C62C82098D00D02741 /* Resources */ = {
			isa = PBXResourcesBuildPhase;
			buildActionMask = 2147483647;
			files = (
			);
			runOnlyForDeploymentPostprocessing = 0;
		};
		CA7B90D02C82098D00D02741 /* Resources */ = {
			isa = PBXResourcesBuildPhase;
			buildActionMask = 2147483647;
			files = (
			);
			runOnlyForDeploymentPostprocessing = 0;
		};
/* End PBXResourcesBuildPhase section */

/* Begin PBXSourcesBuildPhase section */
		CA7B90B42C82098C00D02741 /* Sources */ = {
			isa = PBXSourcesBuildPhase;
			buildActionMask = 2147483647;
			files = (
				CA7B90BE2C82098C00D02741 /* PeopleView.swift in Sources */,
				CA7B90BC2C82098C00D02741 /* StarWarsAPIApp.swift in Sources */,
			);
			runOnlyForDeploymentPostprocessing = 0;
		};
		CA7B90C42C82098D00D02741 /* Sources */ = {
			isa = PBXSourcesBuildPhase;
			buildActionMask = 2147483647;
			files = (
				CA7B90E62C82184C00D02741 /* ViewModelTests.swift in Sources */,
				CA7B90CD2C82098D00D02741 /* StarWarsAPITests.swift in Sources */,
			);
			runOnlyForDeploymentPostprocessing = 0;
		};
		CA7B90CE2C82098D00D02741 /* Sources */ = {
			isa = PBXSourcesBuildPhase;
			buildActionMask = 2147483647;
			files = (
				CA7B90D92C82098D00D02741 /* StarWarsAPIUITestsLaunchTests.swift in Sources */,
				CA7B90D72C82098D00D02741 /* StarWarsAPIUITests.swift in Sources */,
			);
			runOnlyForDeploymentPostprocessing = 0;
		};
/* End PBXSourcesBuildPhase section */

/* Begin PBXTargetDependency section */
		CA7B90CA2C82098D00D02741 /* PBXTargetDependency */ = {
			isa = PBXTargetDependency;
			target = CA7B90B72C82098C00D02741 /* StarWarsAPI */;
			targetProxy = CA7B90C92C82098D00D02741 /* PBXContainerItemProxy */;
		};
		CA7B90D42C82098D00D02741 /* PBXTargetDependency */ = {
			isa = PBXTargetDependency;
			target = CA7B90B72C82098C00D02741 /* StarWarsAPI */;
			targetProxy = CA7B90D32C82098D00D02741 /* PBXContainerItemProxy */;
		};
/* End PBXTargetDependency section */

/* Begin XCBuildConfiguration section */
		CA7B90DA2C82098D00D02741 /* Debug */ = {
			isa = XCBuildConfiguration;
			buildSettings = {
				ALWAYS_SEARCH_USER_PATHS = NO;
				ASSETCATALOG_COMPILER_GENERATE_SWIFT_ASSET_SYMBOL_EXTENSIONS = YES;
				CLANG_ANALYZER_NONNULL = YES;
				CLANG_ANALYZER_NUMBER_OBJECT_CONVERSION = YES_AGGRESSIVE;
				CLANG_CXX_LANGUAGE_STANDARD = "gnu++20";
				CLANG_ENABLE_MODULES = YES;
				CLANG_ENABLE_OBJC_ARC = YES;
				CLANG_ENABLE_OBJC_WEAK = YES;
				CLANG_WARN_BLOCK_CAPTURE_AUTORELEASING = YES;
				CLANG_WARN_BOOL_CONVERSION = YES;
				CLANG_WARN_COMMA = YES;
				CLANG_WARN_CONSTANT_CONVERSION = YES;
				CLANG_WARN_DEPRECATED_OBJC_IMPLEMENTATIONS = YES;
				CLANG_WARN_DIRECT_OBJC_ISA_USAGE = YES_ERROR;
				CLANG_WARN_DOCUMENTATION_COMMENTS = YES;
				CLANG_WARN_EMPTY_BODY = YES;
				CLANG_WARN_ENUM_CONVERSION = YES;
				CLANG_WARN_INFINITE_RECURSION = YES;
				CLANG_WARN_INT_CONVERSION = YES;
				CLANG_WARN_NON_LITERAL_NULL_CONVERSION = YES;
				CLANG_WARN_OBJC_IMPLICIT_RETAIN_SELF = YES;
				CLANG_WARN_OBJC_LITERAL_CONVERSION = YES;
				CLANG_WARN_OBJC_ROOT_CLASS = YES_ERROR;
				CLANG_WARN_QUOTED_INCLUDE_IN_FRAMEWORK_HEADER = YES;
				CLANG_WARN_RANGE_LOOP_ANALYSIS = YES;
				CLANG_WARN_STRICT_PROTOTYPES = YES;
				CLANG_WARN_SUSPICIOUS_MOVE = YES;
				CLANG_WARN_UNGUARDED_AVAILABILITY = YES_AGGRESSIVE;
				CLANG_WARN_UNREACHABLE_CODE = YES;
				CLANG_WARN__DUPLICATE_METHOD_MATCH = YES;
				COPY_PHASE_STRIP = NO;
				DEBUG_INFORMATION_FORMAT = dwarf;
				ENABLE_STRICT_OBJC_MSGSEND = YES;
				ENABLE_TESTABILITY = YES;
				ENABLE_USER_SCRIPT_SANDBOXING = YES;
				GCC_C_LANGUAGE_STANDARD = gnu17;
				GCC_DYNAMIC_NO_PIC = NO;
				GCC_NO_COMMON_BLOCKS = YES;
				GCC_OPTIMIZATION_LEVEL = 0;
				GCC_PREPROCESSOR_DEFINITIONS = (
					"DEBUG=1",
					"$(inherited)",
				);
				GCC_WARN_64_TO_32_BIT_CONVERSION = YES;
				GCC_WARN_ABOUT_RETURN_TYPE = YES_ERROR;
				GCC_WARN_UNDECLARED_SELECTOR = YES;
				GCC_WARN_UNINITIALIZED_AUTOS = YES_AGGRESSIVE;
				GCC_WARN_UNUSED_FUNCTION = YES;
				GCC_WARN_UNUSED_VARIABLE = YES;
				IPHONEOS_DEPLOYMENT_TARGET = 17.5;
				LOCALIZATION_PREFERS_STRING_CATALOGS = YES;
				MTL_ENABLE_DEBUG_INFO = INCLUDE_SOURCE;
				MTL_FAST_MATH = YES;
				ONLY_ACTIVE_ARCH = YES;
				SDKROOT = iphoneos;
				SWIFT_ACTIVE_COMPILATION_CONDITIONS = "DEBUG $(inherited)";
				SWIFT_OPTIMIZATION_LEVEL = "-Onone";
			};
			name = Debug;
		};
		CA7B90DB2C82098D00D02741 /* Release */ = {
			isa = XCBuildConfiguration;
			buildSettings = {
				ALWAYS_SEARCH_USER_PATHS = NO;
				ASSETCATALOG_COMPILER_GENERATE_SWIFT_ASSET_SYMBOL_EXTENSIONS = YES;
				CLANG_ANALYZER_NONNULL = YES;
				CLANG_ANALYZER_NUMBER_OBJECT_CONVERSION = YES_AGGRESSIVE;
				CLANG_CXX_LANGUAGE_STANDARD = "gnu++20";
				CLANG_ENABLE_MODULES = YES;
				CLANG_ENABLE_OBJC_ARC = YES;
				CLANG_ENABLE_OBJC_WEAK = YES;
				CLANG_WARN_BLOCK_CAPTURE_AUTORELEASING = YES;
				CLANG_WARN_BOOL_CONVERSION = YES;
				CLANG_WARN_COMMA = YES;
				CLANG_WARN_CONSTANT_CONVERSION = YES;
				CLANG_WARN_DEPRECATED_OBJC_IMPLEMENTATIONS = YES;
				CLANG_WARN_DIRECT_OBJC_ISA_USAGE = YES_ERROR;
				CLANG_WARN_DOCUMENTATION_COMMENTS = YES;
				CLANG_WARN_EMPTY_BODY = YES;
				CLANG_WARN_ENUM_CONVERSION = YES;
				CLANG_WARN_INFINITE_RECURSION = YES;
				CLANG_WARN_INT_CONVERSION = YES;
				CLANG_WARN_NON_LITERAL_NULL_CONVERSION = YES;
				CLANG_WARN_OBJC_IMPLICIT_RETAIN_SELF = YES;
				CLANG_WARN_OBJC_LITERAL_CONVERSION = YES;
				CLANG_WARN_OBJC_ROOT_CLASS = YES_ERROR;
				CLANG_WARN_QUOTED_INCLUDE_IN_FRAMEWORK_HEADER = YES;
				CLANG_WARN_RANGE_LOOP_ANALYSIS = YES;
				CLANG_WARN_STRICT_PROTOTYPES = YES;
				CLANG_WARN_SUSPICIOUS_MOVE = YES;
				CLANG_WARN_UNGUARDED_AVAILABILITY = YES_AGGRESSIVE;
				CLANG_WARN_UNREACHABLE_CODE = YES;
				CLANG_WARN__DUPLICATE_METHOD_MATCH = YES;
				COPY_PHASE_STRIP = NO;
				DEBUG_INFORMATION_FORMAT = "dwarf-with-dsym";
				ENABLE_NS_ASSERTIONS = NO;
				ENABLE_STRICT_OBJC_MSGSEND = YES;
				ENABLE_USER_SCRIPT_SANDBOXING = YES;
				GCC_C_LANGUAGE_STANDARD = gnu17;
				GCC_NO_COMMON_BLOCKS = YES;
				GCC_WARN_64_TO_32_BIT_CONVERSION = YES;
				GCC_WARN_ABOUT_RETURN_TYPE = YES_ERROR;
				GCC_WARN_UNDECLARED_SELECTOR = YES;
				GCC_WARN_UNINITIALIZED_AUTOS = YES_AGGRESSIVE;
				GCC_WARN_UNUSED_FUNCTION = YES;
				GCC_WARN_UNUSED_VARIABLE = YES;
				IPHONEOS_DEPLOYMENT_TARGET = 17.5;
				LOCALIZATION_PREFERS_STRING_CATALOGS = YES;
				MTL_ENABLE_DEBUG_INFO = NO;
				MTL_FAST_MATH = YES;
				SDKROOT = iphoneos;
				SWIFT_COMPILATION_MODE = wholemodule;
				VALIDATE_PRODUCT = YES;
			};
			name = Release;
		};
		CA7B90DD2C82098D00D02741 /* Debug */ = {
			isa = XCBuildConfiguration;
			buildSettings = {
				ASSETCATALOG_COMPILER_APPICON_NAME = AppIcon;
				ASSETCATALOG_COMPILER_GLOBAL_ACCENT_COLOR_NAME = AccentColor;
				CODE_SIGN_STYLE = Automatic;
				CURRENT_PROJECT_VERSION = 1;
				DEVELOPMENT_ASSET_PATHS = "\"StarWarsAPI/Preview Content\"";
				ENABLE_PREVIEWS = YES;
				GENERATE_INFOPLIST_FILE = YES;
				INFOPLIST_KEY_UIApplicationSceneManifest_Generation = YES;
				INFOPLIST_KEY_UIApplicationSupportsIndirectInputEvents = YES;
				INFOPLIST_KEY_UILaunchScreen_Generation = YES;
				INFOPLIST_KEY_UISupportedInterfaceOrientations_iPad = "UIInterfaceOrientationPortrait UIInterfaceOrientationPortraitUpsideDown UIInterfaceOrientationLandscapeLeft UIInterfaceOrientationLandscapeRight";
				INFOPLIST_KEY_UISupportedInterfaceOrientations_iPhone = "UIInterfaceOrientationPortrait UIInterfaceOrientationLandscapeLeft UIInterfaceOrientationLandscapeRight";
				LD_RUNPATH_SEARCH_PATHS = (
					"$(inherited)",
					"@executable_path/Frameworks",
				);
				MARKETING_VERSION = 1.0;
				PRODUCT_BUNDLE_IDENTIFIER = com.studeapps.StarWarsAPI;
				PRODUCT_NAME = "$(TARGET_NAME)";
				SWIFT_EMIT_LOC_STRINGS = YES;
				SWIFT_VERSION = 5.0;
				TARGETED_DEVICE_FAMILY = "1,2";
			};
			name = Debug;
		};
		CA7B90DE2C82098D00D02741 /* Release */ = {
			isa = XCBuildConfiguration;
			buildSettings = {
				ASSETCATALOG_COMPILER_APPICON_NAME = AppIcon;
				ASSETCATALOG_COMPILER_GLOBAL_ACCENT_COLOR_NAME = AccentColor;
				CODE_SIGN_STYLE = Automatic;
				CURRENT_PROJECT_VERSION = 1;
				DEVELOPMENT_ASSET_PATHS = "\"StarWarsAPI/Preview Content\"";
				ENABLE_PREVIEWS = YES;
				GENERATE_INFOPLIST_FILE = YES;
				INFOPLIST_KEY_UIApplicationSceneManifest_Generation = YES;
				INFOPLIST_KEY_UIApplicationSupportsIndirectInputEvents = YES;
				INFOPLIST_KEY_UILaunchScreen_Generation = YES;
				INFOPLIST_KEY_UISupportedInterfaceOrientations_iPad = "UIInterfaceOrientationPortrait UIInterfaceOrientationPortraitUpsideDown UIInterfaceOrientationLandscapeLeft UIInterfaceOrientationLandscapeRight";
				INFOPLIST_KEY_UISupportedInterfaceOrientations_iPhone = "UIInterfaceOrientationPortrait UIInterfaceOrientationLandscapeLeft UIInterfaceOrientationLandscapeRight";
				LD_RUNPATH_SEARCH_PATHS = (
					"$(inherited)",
					"@executable_path/Frameworks",
				);
				MARKETING_VERSION = 1.0;
				PRODUCT_BUNDLE_IDENTIFIER = com.studeapps.StarWarsAPI;
				PRODUCT_NAME = "$(TARGET_NAME)";
				SWIFT_EMIT_LOC_STRINGS = YES;
				SWIFT_VERSION = 5.0;
				TARGETED_DEVICE_FAMILY = "1,2";
			};
			name = Release;
		};
		CA7B90E02C82098D00D02741 /* Debug */ = {
			isa = XCBuildConfiguration;
			buildSettings = {
				ALWAYS_EMBED_SWIFT_STANDARD_LIBRARIES = YES;
				BUNDLE_LOADER = "$(TEST_HOST)";
				CODE_SIGN_STYLE = Automatic;
				CURRENT_PROJECT_VERSION = 1;
				GENERATE_INFOPLIST_FILE = YES;
				IPHONEOS_DEPLOYMENT_TARGET = 17.5;
				MARKETING_VERSION = 1.0;
				PRODUCT_BUNDLE_IDENTIFIER = com.studeapps.StarWarsAPITests;
				PRODUCT_NAME = "$(TARGET_NAME)";
				SWIFT_EMIT_LOC_STRINGS = NO;
				SWIFT_VERSION = 5.0;
				TARGETED_DEVICE_FAMILY = "1,2";
				TEST_HOST = "$(BUILT_PRODUCTS_DIR)/StarWarsAPI.app/$(BUNDLE_EXECUTABLE_FOLDER_PATH)/StarWarsAPI";
			};
			name = Debug;
		};
		CA7B90E12C82098D00D02741 /* Release */ = {
			isa = XCBuildConfiguration;
			buildSettings = {
				ALWAYS_EMBED_SWIFT_STANDARD_LIBRARIES = YES;
				BUNDLE_LOADER = "$(TEST_HOST)";
				CODE_SIGN_STYLE = Automatic;
				CURRENT_PROJECT_VERSION = 1;
				GENERATE_INFOPLIST_FILE = YES;
				IPHONEOS_DEPLOYMENT_TARGET = 17.5;
				MARKETING_VERSION = 1.0;
				PRODUCT_BUNDLE_IDENTIFIER = com.studeapps.StarWarsAPITests;
				PRODUCT_NAME = "$(TARGET_NAME)";
				SWIFT_EMIT_LOC_STRINGS = NO;
				SWIFT_VERSION = 5.0;
				TARGETED_DEVICE_FAMILY = "1,2";
				TEST_HOST = "$(BUILT_PRODUCTS_DIR)/StarWarsAPI.app/$(BUNDLE_EXECUTABLE_FOLDER_PATH)/StarWarsAPI";
			};
			name = Release;
		};
		CA7B90E32C82098D00D02741 /* Debug */ = {
			isa = XCBuildConfiguration;
			buildSettings = {
				ALWAYS_EMBED_SWIFT_STANDARD_LIBRARIES = YES;
				CODE_SIGN_STYLE = Automatic;
				CURRENT_PROJECT_VERSION = 1;
				GENERATE_INFOPLIST_FILE = YES;
				MARKETING_VERSION = 1.0;
				PRODUCT_BUNDLE_IDENTIFIER = com.studeapps.StarWarsAPIUITests;
				PRODUCT_NAME = "$(TARGET_NAME)";
				SWIFT_EMIT_LOC_STRINGS = NO;
				SWIFT_VERSION = 5.0;
				TARGETED_DEVICE_FAMILY = "1,2";
				TEST_TARGET_NAME = StarWarsAPI;
			};
			name = Debug;
		};
		CA7B90E42C82098D00D02741 /* Release */ = {
			isa = XCBuildConfiguration;
			buildSettings = {
				ALWAYS_EMBED_SWIFT_STANDARD_LIBRARIES = YES;
				CODE_SIGN_STYLE = Automatic;
				CURRENT_PROJECT_VERSION = 1;
				GENERATE_INFOPLIST_FILE = YES;
				MARKETING_VERSION = 1.0;
				PRODUCT_BUNDLE_IDENTIFIER = com.studeapps.StarWarsAPIUITests;
				PRODUCT_NAME = "$(TARGET_NAME)";
				SWIFT_EMIT_LOC_STRINGS = NO;
				SWIFT_VERSION = 5.0;
				TARGETED_DEVICE_FAMILY = "1,2";
				TEST_TARGET_NAME = StarWarsAPI;
			};
			name = Release;
		};
/* End XCBuildConfiguration section */

/* Begin XCConfigurationList section */
		CA7B90B32C82098C00D02741 /* Build configuration list for PBXProject "StarWarsAPI" */ = {
			isa = XCConfigurationList;
			buildConfigurations = (
				CA7B90DA2C82098D00D02741 /* Debug */,
				CA7B90DB2C82098D00D02741 /* Release */,
			);
			defaultConfigurationIsVisible = 0;
			defaultConfigurationName = Release;
		};
		CA7B90DC2C82098D00D02741 /* Build configuration list for PBXNativeTarget "StarWarsAPI" */ = {
			isa = XCConfigurationList;
			buildConfigurations = (
				CA7B90DD2C82098D00D02741 /* Debug */,
				CA7B90DE2C82098D00D02741 /* Release */,
			);
			defaultConfigurationIsVisible = 0;
			defaultConfigurationName = Release;
		};
		CA7B90DF2C82098D00D02741 /* Build configuration list for PBXNativeTarget "StarWarsAPITests" */ = {
			isa = XCConfigurationList;
			buildConfigurations = (
				CA7B90E02C82098D00D02741 /* Debug */,
				CA7B90E12C82098D00D02741 /* Release */,
			);
			defaultConfigurationIsVisible = 0;
			defaultConfigurationName = Release;
		};
		CA7B90E22C82098D00D02741 /* Build configuration list for PBXNativeTarget "StarWarsAPIUITests" */ = {
			isa = XCConfigurationList;
			buildConfigurations = (
				CA7B90E32C82098D00D02741 /* Debug */,
				CA7B90E42C82098D00D02741 /* Release */,
			);
			defaultConfigurationIsVisible = 0;
			defaultConfigurationName = Release;
		};
/* End XCConfigurationList section */

/* Begin XCRemoteSwiftPackageReference section */
		CA8B504D2C85D48000993AF3 /* XCRemoteSwiftPackageReference "NetworkClient" */ = {
			isa = XCRemoteSwiftPackageReference;
			repositoryURL = "https://github.com/stevencurtis/NetworkClient";
			requirement = {
				branch = main;
				kind = branch;
			};
		};
/* End XCRemoteSwiftPackageReference section */

/* Begin XCSwiftPackageProductDependency section */
		CA8B504E2C85D48000993AF3 /* NetworkClient */ = {
			isa = XCSwiftPackageProductDependency;
			package = CA8B504D2C85D48000993AF3 /* XCRemoteSwiftPackageReference "NetworkClient" */;
			productName = NetworkClient;
		};
/* End XCSwiftPackageProductDependency section */
	};
	rootObject = CA7B90B02C82098C00D02741 /* Project object */;
}
